// !$*UTF8*$!
{
	archiveVersion = 1;
	classes = {
	};
	objectVersion = 46;
	objects = {

/* Begin PBXBuildFile section */
		1B16717B043E46E09978A26F /* libPods-OutlanderTests.a in Frameworks */ = {isa = PBXBuildFile; fileRef = 35E06892C5724F8E9E152435 /* libPods-OutlanderTests.a */; };
		AF00C6A715154F0390B92D90 /* libPods.a in Frameworks */ = {isa = PBXBuildFile; fileRef = 47A161DB5E5C4325AE50C012 /* libPods.a */; };
		F91A371B1928325E00C6FD64 /* SpelltimeNotifier.m in Sources */ = {isa = PBXBuildFile; fileRef = F91A371A1928325E00C6FD64 /* SpelltimeNotifier.m */; };
		F91A371D19284E0900C6FD64 /* woodsword2.icns in Resources */ = {isa = PBXBuildFile; fileRef = F91A371C19284E0900C6FD64 /* woodsword2.icns */; };
		F92A4FBB192A56BC006C71F9 /* MyNSTextFieldTester.m in Sources */ = {isa = PBXBuildFile; fileRef = F92A4FBA192A56BC006C71F9 /* MyNSTextFieldTester.m */; };
		F92A4FBE192ADAE4006C71F9 /* AppSettingsTester.m in Sources */ = {isa = PBXBuildFile; fileRef = F92A4FBD192ADAE4006C71F9 /* AppSettingsTester.m */; };
		F92A4FC1192B3484006C71F9 /* MyWindow.m in Sources */ = {isa = PBXBuildFile; fileRef = F92A4FC0192B3484006C71F9 /* MyWindow.m */; };
		F92A4FC4192B35DC006C71F9 /* MyNSTextView.m in Sources */ = {isa = PBXBuildFile; fileRef = F92A4FC3192B35DC006C71F9 /* MyNSTextView.m */; };
		F96ECDAA193404BB00787CB9 /* Actor.m in Sources */ = {isa = PBXBuildFile; fileRef = F96ECDA9193404BB00787CB9 /* Actor.m */; };
		F96ECDAB193404BB00787CB9 /* Actor.m in Sources */ = {isa = PBXBuildFile; fileRef = F96ECDA9193404BB00787CB9 /* Actor.m */; };
		F96ECDAE1934160200787CB9 /* Script.m in Sources */ = {isa = PBXBuildFile; fileRef = F96ECDAD1934160200787CB9 /* Script.m */; };
		F96ECDAF1934160200787CB9 /* Script.m in Sources */ = {isa = PBXBuildFile; fileRef = F96ECDAD1934160200787CB9 /* Script.m */; };
		F96ECDB21934194300787CB9 /* OutlanderParser.m in Sources */ = {isa = PBXBuildFile; fileRef = F96ECDB11934194300787CB9 /* OutlanderParser.m */; };
		F96ECDB31934194300787CB9 /* OutlanderParser.m in Sources */ = {isa = PBXBuildFile; fileRef = F96ECDB11934194300787CB9 /* OutlanderParser.m */; };
		F96ECDB619343F5B00787CB9 /* ScriptLoader.m in Sources */ = {isa = PBXBuildFile; fileRef = F96ECDB519343F5B00787CB9 /* ScriptLoader.m */; };
		F96ECDB719343F5B00787CB9 /* ScriptLoader.m in Sources */ = {isa = PBXBuildFile; fileRef = F96ECDB519343F5B00787CB9 /* ScriptLoader.m */; };
		F96ECDBA1934445000787CB9 /* ScriptRunner.m in Sources */ = {isa = PBXBuildFile; fileRef = F96ECDB91934445000787CB9 /* ScriptRunner.m */; };
		F96ECDBB1934445000787CB9 /* ScriptRunner.m in Sources */ = {isa = PBXBuildFile; fileRef = F96ECDB91934445000787CB9 /* ScriptRunner.m */; };
		F96ECDBE1934585400787CB9 /* ScriptCommandHandler.m in Sources */ = {isa = PBXBuildFile; fileRef = F96ECDBD1934585400787CB9 /* ScriptCommandHandler.m */; };
		F96ECDBF1934585400787CB9 /* ScriptCommandHandler.m in Sources */ = {isa = PBXBuildFile; fileRef = F96ECDBD1934585400787CB9 /* ScriptCommandHandler.m */; };
		F96ECDC319345CAA00787CB9 /* ScriptHandler.m in Sources */ = {isa = PBXBuildFile; fileRef = F96ECDC219345CAA00787CB9 /* ScriptHandler.m */; };
		F96ECDC419345CAA00787CB9 /* ScriptHandler.m in Sources */ = {isa = PBXBuildFile; fileRef = F96ECDC219345CAA00787CB9 /* ScriptHandler.m */; };
		F96ECDC71934E23A00787CB9 /* CommandContext.m in Sources */ = {isa = PBXBuildFile; fileRef = F96ECDC61934E23A00787CB9 /* CommandContext.m */; };
		F96ECDC81934E23A00787CB9 /* CommandContext.m in Sources */ = {isa = PBXBuildFile; fileRef = F96ECDC61934E23A00787CB9 /* CommandContext.m */; };
		F96ECDCB1934E6EB00787CB9 /* VarCommandHandler.m in Sources */ = {isa = PBXBuildFile; fileRef = F96ECDCA1934E6EB00787CB9 /* VarCommandHandler.m */; };
		F96ECDCC1934E6EB00787CB9 /* VarCommandHandler.m in Sources */ = {isa = PBXBuildFile; fileRef = F96ECDCA1934E6EB00787CB9 /* VarCommandHandler.m */; };
		F96ECDD01934E84D00787CB9 /* VarCommandHandlerTester.m in Sources */ = {isa = PBXBuildFile; fileRef = F96ECDCE1934E84D00787CB9 /* VarCommandHandlerTester.m */; };
		F96ECDD2193565CE00787CB9 /* HighlightCommandTester.m in Sources */ = {isa = PBXBuildFile; fileRef = F96ECDD1193565CE00787CB9 /* HighlightCommandTester.m */; };
		F96ECDD5193565F100787CB9 /* HighlightCommandHandler.m in Sources */ = {isa = PBXBuildFile; fileRef = F96ECDD4193565F100787CB9 /* HighlightCommandHandler.m */; };
		F96ECDD6193565F100787CB9 /* HighlightCommandHandler.m in Sources */ = {isa = PBXBuildFile; fileRef = F96ECDD4193565F100787CB9 /* HighlightCommandHandler.m */; };
		F96ECDD919356A6C00787CB9 /* OLMutableArray.m in Sources */ = {isa = PBXBuildFile; fileRef = F96ECDD819356A6C00787CB9 /* OLMutableArray.m */; };
		F96ECDDA19356A6C00787CB9 /* OLMutableArray.m in Sources */ = {isa = PBXBuildFile; fileRef = F96ECDD819356A6C00787CB9 /* OLMutableArray.m */; };
		F96ECDDD19359ECE00787CB9 /* AliasCommandHandler.m in Sources */ = {isa = PBXBuildFile; fileRef = F96ECDDC19359ECE00787CB9 /* AliasCommandHandler.m */; };
		F96ECDDE19359ECE00787CB9 /* AliasCommandHandler.m in Sources */ = {isa = PBXBuildFile; fileRef = F96ECDDC19359ECE00787CB9 /* AliasCommandHandler.m */; };
		F96ECDE31936B82E00787CB9 /* ScriptTester.m in Sources */ = {isa = PBXBuildFile; fileRef = F96ECDE21936B82E00787CB9 /* ScriptTester.m */; };
		F971EFD6193880B6008AF6A8 /* GameCommandRelay.m in Sources */ = {isa = PBXBuildFile; fileRef = F971EFD5193880B6008AF6A8 /* GameCommandRelay.m */; };
		F971EFD7193880B6008AF6A8 /* GameCommandRelay.m in Sources */ = {isa = PBXBuildFile; fileRef = F971EFD5193880B6008AF6A8 /* GameCommandRelay.m */; };
		F971EFDA1938830D008AF6A8 /* StubCommandRelay.m in Sources */ = {isa = PBXBuildFile; fileRef = F971EFD91938830D008AF6A8 /* StubCommandRelay.m */; };
		F971EFDD1938D7D0008AF6A8 /* StubInfoStream.m in Sources */ = {isa = PBXBuildFile; fileRef = F971EFDC1938D7D0008AF6A8 /* StubInfoStream.m */; };
		F9762F78192E4EEB00B873D7 /* Alias.m in Sources */ = {isa = PBXBuildFile; fileRef = F9762F77192E4EEB00B873D7 /* Alias.m */; };
		F9762F79192E4EEB00B873D7 /* Alias.m in Sources */ = {isa = PBXBuildFile; fileRef = F9762F77192E4EEB00B873D7 /* Alias.m */; };
		F9762F7C192E4F8700B873D7 /* AliasLoader.m in Sources */ = {isa = PBXBuildFile; fileRef = F9762F7B192E4F8700B873D7 /* AliasLoader.m */; };
		F9762F7D192E4F8700B873D7 /* AliasLoader.m in Sources */ = {isa = PBXBuildFile; fileRef = F9762F7B192E4F8700B873D7 /* AliasLoader.m */; };
		F9762F7F192E50EF00B873D7 /* AliasesTester.m in Sources */ = {isa = PBXBuildFile; fileRef = F9762F7E192E50EF00B873D7 /* AliasesTester.m */; };
		F97A5C241890A6B600E2C318 /* MainWindowController.m in Sources */ = {isa = PBXBuildFile; fileRef = F97A5C221890A6B600E2C318 /* MainWindowController.m */; };
		F97A5C251890A6B600E2C318 /* MainWindowController.m in Sources */ = {isa = PBXBuildFile; fileRef = F97A5C221890A6B600E2C318 /* MainWindowController.m */; };
		F97A5C261890A6B600E2C318 /* MainWindowController.xib in Resources */ = {isa = PBXBuildFile; fileRef = F97A5C231890A6B600E2C318 /* MainWindowController.xib */; };
		F97A5C271890A6B600E2C318 /* MainWindowController.xib in Resources */ = {isa = PBXBuildFile; fileRef = F97A5C231890A6B600E2C318 /* MainWindowController.xib */; };
		F97A5C501890DFB400E2C318 /* TestViewController.m in Sources */ = {isa = PBXBuildFile; fileRef = F97A5C4E1890DFB400E2C318 /* TestViewController.m */; };
		F97A5C511890DFB400E2C318 /* TestViewController.xib in Resources */ = {isa = PBXBuildFile; fileRef = F97A5C4F1890DFB400E2C318 /* TestViewController.xib */; };
		F97A5C5F1891AB7D00E2C318 /* SignalSocket.m in Sources */ = {isa = PBXBuildFile; fileRef = F97A5C5E1891AB7D00E2C318 /* SignalSocket.m */; };
		F97A5C601891AB7D00E2C318 /* SignalSocket.m in Sources */ = {isa = PBXBuildFile; fileRef = F97A5C5E1891AB7D00E2C318 /* SignalSocket.m */; };
		F97A5C631891F2C400E2C318 /* AuthenticationServer.m in Sources */ = {isa = PBXBuildFile; fileRef = F97A5C621891F2C400E2C318 /* AuthenticationServer.m */; };
		F97A5C641891F2C400E2C318 /* AuthenticationServer.m in Sources */ = {isa = PBXBuildFile; fileRef = F97A5C621891F2C400E2C318 /* AuthenticationServer.m */; };
		F97A5C671892388D00E2C318 /* GameServer.m in Sources */ = {isa = PBXBuildFile; fileRef = F97A5C661892388D00E2C318 /* GameServer.m */; };
		F97A5C681892388D00E2C318 /* GameServer.m in Sources */ = {isa = PBXBuildFile; fileRef = F97A5C661892388D00E2C318 /* GameServer.m */; };
		F97A5C701892CE1400E2C318 /* GameConnection.m in Sources */ = {isa = PBXBuildFile; fileRef = F97A5C6F1892CE1400E2C318 /* GameConnection.m */; };
		F97A5C711892CE1400E2C318 /* GameConnection.m in Sources */ = {isa = PBXBuildFile; fileRef = F97A5C6F1892CE1400E2C318 /* GameConnection.m */; };
		F97A5C741893562800E2C318 /* NSString+Categories.m in Sources */ = {isa = PBXBuildFile; fileRef = F97A5C731893562800E2C318 /* NSString+Categories.m */; };
		F97A5C751893562800E2C318 /* NSString+Categories.m in Sources */ = {isa = PBXBuildFile; fileRef = F97A5C731893562800E2C318 /* NSString+Categories.m */; };
		F97A5C7B1893808F00E2C318 /* HTMLNode.m in Sources */ = {isa = PBXBuildFile; fileRef = F97A5C781893808F00E2C318 /* HTMLNode.m */; };
		F97A5C7C1893808F00E2C318 /* HTMLNode.m in Sources */ = {isa = PBXBuildFile; fileRef = F97A5C781893808F00E2C318 /* HTMLNode.m */; };
		F97A5C7D1893808F00E2C318 /* HTMLParser.m in Sources */ = {isa = PBXBuildFile; fileRef = F97A5C7A1893808F00E2C318 /* HTMLParser.m */; };
		F97A5C7E1893808F00E2C318 /* HTMLParser.m in Sources */ = {isa = PBXBuildFile; fileRef = F97A5C7A1893808F00E2C318 /* HTMLParser.m */; };
		F97A5C801893812D00E2C318 /* libxml2.dylib in Frameworks */ = {isa = PBXBuildFile; fileRef = F97A5C7F1893812D00E2C318 /* libxml2.dylib */; };
		F97A5C831893962E00E2C318 /* GameParser.m in Sources */ = {isa = PBXBuildFile; fileRef = F97A5C821893962E00E2C318 /* GameParser.m */; };
		F97A5C841893962E00E2C318 /* GameParser.m in Sources */ = {isa = PBXBuildFile; fileRef = F97A5C821893962E00E2C318 /* GameParser.m */; };
		F97A5C87189397DA00E2C318 /* GameParserTester.m in Sources */ = {isa = PBXBuildFile; fileRef = F97A5C86189397DA00E2C318 /* GameParserTester.m */; };
		F97A5C8A1893AFDF00E2C318 /* TextTag.m in Sources */ = {isa = PBXBuildFile; fileRef = F97A5C891893AFDF00E2C318 /* TextTag.m */; };
		F97A5C8B1893AFDF00E2C318 /* TextTag.m in Sources */ = {isa = PBXBuildFile; fileRef = F97A5C891893AFDF00E2C318 /* TextTag.m */; };
		F97A5C8E1894918F00E2C318 /* GameStream.m in Sources */ = {isa = PBXBuildFile; fileRef = F97A5C8D1894918F00E2C318 /* GameStream.m */; };
		F97A5C8F1894918F00E2C318 /* GameStream.m in Sources */ = {isa = PBXBuildFile; fileRef = F97A5C8D1894918F00E2C318 /* GameStream.m */; };
		F97A5C921895086C00E2C318 /* NSColor+Categories.m in Sources */ = {isa = PBXBuildFile; fileRef = F97A5C911895086C00E2C318 /* NSColor+Categories.m */; };
		F97A5C931895086C00E2C318 /* NSColor+Categories.m in Sources */ = {isa = PBXBuildFile; fileRef = F97A5C911895086C00E2C318 /* NSColor+Categories.m */; };
		F97A5C9A18957A5D00E2C318 /* TSMutableDictionary.m in Sources */ = {isa = PBXBuildFile; fileRef = F97A5C9918957A5D00E2C318 /* TSMutableDictionary.m */; };
		F97A5C9B18957A5D00E2C318 /* TSMutableDictionary.m in Sources */ = {isa = PBXBuildFile; fileRef = F97A5C9918957A5D00E2C318 /* TSMutableDictionary.m */; };
		F97A5C9E1895C10100E2C318 /* CharacterViewModel.m in Sources */ = {isa = PBXBuildFile; fileRef = F97A5C9D1895C10100E2C318 /* CharacterViewModel.m */; };
		F97A5C9F1895C10100E2C318 /* CharacterViewModel.m in Sources */ = {isa = PBXBuildFile; fileRef = F97A5C9D1895C10100E2C318 /* CharacterViewModel.m */; };
		F97A5CA21895E06400E2C318 /* MyView.m in Sources */ = {isa = PBXBuildFile; fileRef = F97A5CA11895E06400E2C318 /* MyView.m */; };
		F97A5CA31895E06400E2C318 /* MyView.m in Sources */ = {isa = PBXBuildFile; fileRef = F97A5CA11895E06400E2C318 /* MyView.m */; };
		F97A5CA61895E2C400E2C318 /* MyNSTextField.m in Sources */ = {isa = PBXBuildFile; fileRef = F97A5CA51895E2C400E2C318 /* MyNSTextField.m */; };
		F97A5CA71895E2C400E2C318 /* MyNSTextField.m in Sources */ = {isa = PBXBuildFile; fileRef = F97A5CA51895E2C400E2C318 /* MyNSTextField.m */; };
		F97A5CBB1895EEF500E2C318 /* NSTextField+Categories.m in Sources */ = {isa = PBXBuildFile; fileRef = F97A5CBA1895EEF500E2C318 /* NSTextField+Categories.m */; };
		F97A5CBC1895EEF500E2C318 /* NSTextField+Categories.m in Sources */ = {isa = PBXBuildFile; fileRef = F97A5CBA1895EEF500E2C318 /* NSTextField+Categories.m */; };
		F97A5CBF1896384A00E2C318 /* MyThumb.m in Sources */ = {isa = PBXBuildFile; fileRef = F97A5CBE1896384A00E2C318 /* MyThumb.m */; };
		F97A5CC01896384A00E2C318 /* MyThumb.m in Sources */ = {isa = PBXBuildFile; fileRef = F97A5CBE1896384A00E2C318 /* MyThumb.m */; };
		F97A5CC41896C21600E2C318 /* TextViewController.m in Sources */ = {isa = PBXBuildFile; fileRef = F97A5CC21896C21600E2C318 /* TextViewController.m */; };
		F97A5CC51896C21600E2C318 /* TextViewController.m in Sources */ = {isa = PBXBuildFile; fileRef = F97A5CC21896C21600E2C318 /* TextViewController.m */; };
		F97A5CC61896C21600E2C318 /* TextViewController.xib in Resources */ = {isa = PBXBuildFile; fileRef = F97A5CC31896C21600E2C318 /* TextViewController.xib */; };
		F97A5CC71896C21600E2C318 /* TextViewController.xib in Resources */ = {isa = PBXBuildFile; fileRef = F97A5CC31896C21600E2C318 /* TextViewController.xib */; };
		F9818D561908CA0200137896 /* ExpTracker.m in Sources */ = {isa = PBXBuildFile; fileRef = F9818D551908CA0200137896 /* ExpTracker.m */; };
		F9818D571908CA0200137896 /* ExpTracker.m in Sources */ = {isa = PBXBuildFile; fileRef = F9818D551908CA0200137896 /* ExpTracker.m */; };
		F9818D5B1908CE4800137896 /* ExpTrackerTester.m in Sources */ = {isa = PBXBuildFile; fileRef = F9818D591908CE4800137896 /* ExpTrackerTester.m */; };
		F9818D5E1908D8FC00137896 /* SkillExpTester.m in Sources */ = {isa = PBXBuildFile; fileRef = F9818D5D1908D8FC00137896 /* SkillExpTester.m */; };
		F9818D61190D75E800137896 /* TextViewControllerTester.m in Sources */ = {isa = PBXBuildFile; fileRef = F9818D60190D75E800137896 /* TextViewControllerTester.m */; };
		F989E1F1192C254800562E32 /* HighlightsLoader.m in Sources */ = {isa = PBXBuildFile; fileRef = F989E1F0192C254800562E32 /* HighlightsLoader.m */; };
		F989E1F9192C27AD00562E32 /* LocalFileSystem.m in Sources */ = {isa = PBXBuildFile; fileRef = F989E1F8192C27AD00562E32 /* LocalFileSystem.m */; };
		F989E1FA192C27AD00562E32 /* LocalFileSystem.m in Sources */ = {isa = PBXBuildFile; fileRef = F989E1F8192C27AD00562E32 /* LocalFileSystem.m */; };
		F989E1FE192C2AA100562E32 /* HighlightsLoaderTester.m in Sources */ = {isa = PBXBuildFile; fileRef = F989E1FC192C2AA100562E32 /* HighlightsLoaderTester.m */; };
		F989E201192C2B9B00562E32 /* StubFileSystem.m in Sources */ = {isa = PBXBuildFile; fileRef = F989E200192C2B9B00562E32 /* StubFileSystem.m */; };
		F989E205192C2E6200562E32 /* Highlight.m in Sources */ = {isa = PBXBuildFile; fileRef = F989E204192C2E6200562E32 /* Highlight.m */; };
		F989E206192C2E6200562E32 /* Highlight.m in Sources */ = {isa = PBXBuildFile; fileRef = F989E204192C2E6200562E32 /* Highlight.m */; };
		F98F22D419248506008175FD /* LoginViewController.m in Sources */ = {isa = PBXBuildFile; fileRef = F98F22D219248506008175FD /* LoginViewController.m */; };
		F98F22D519248506008175FD /* LoginViewController.m in Sources */ = {isa = PBXBuildFile; fileRef = F98F22D219248506008175FD /* LoginViewController.m */; };
		F98F22D619248506008175FD /* LoginViewController.xib in Resources */ = {isa = PBXBuildFile; fileRef = F98F22D319248506008175FD /* LoginViewController.xib */; };
		F98F22D719248506008175FD /* LoginViewController.xib in Resources */ = {isa = PBXBuildFile; fileRef = F98F22D319248506008175FD /* LoginViewController.xib */; };
		F9A3452F1913390400920F0E /* WindowData.m in Sources */ = {isa = PBXBuildFile; fileRef = F9A3452E1913390400920F0E /* WindowData.m */; };
		F9A345301913390400920F0E /* WindowData.m in Sources */ = {isa = PBXBuildFile; fileRef = F9A3452E1913390400920F0E /* WindowData.m */; };
		F9A345331913398800920F0E /* WindowDataService.m in Sources */ = {isa = PBXBuildFile; fileRef = F9A345321913398800920F0E /* WindowDataService.m */; };
		F9A345341913398800920F0E /* WindowDataService.m in Sources */ = {isa = PBXBuildFile; fileRef = F9A345321913398800920F0E /* WindowDataService.m */; };
		F9A3453C1919CC1300920F0E /* AppSettingsLoader.m in Sources */ = {isa = PBXBuildFile; fileRef = F9A3453B1919CC1300920F0E /* AppSettingsLoader.m */; };
		F9A3453D1919CC1300920F0E /* AppSettingsLoader.m in Sources */ = {isa = PBXBuildFile; fileRef = F9A3453B1919CC1300920F0E /* AppSettingsLoader.m */; };
		F9A345401919D83900920F0E /* AppSettings.m in Sources */ = {isa = PBXBuildFile; fileRef = F9A3453F1919D83900920F0E /* AppSettings.m */; };
		F9A345411919D83900920F0E /* AppSettings.m in Sources */ = {isa = PBXBuildFile; fileRef = F9A3453F1919D83900920F0E /* AppSettings.m */; };
		F9A345441919DADA00920F0E /* ConfigLoader.m in Sources */ = {isa = PBXBuildFile; fileRef = F9A345431919DADA00920F0E /* ConfigLoader.m */; };
		F9A345451919DADA00920F0E /* ConfigLoader.m in Sources */ = {isa = PBXBuildFile; fileRef = F9A345431919DADA00920F0E /* ConfigLoader.m */; };
		F9A34548191A064100920F0E /* GameContext.m in Sources */ = {isa = PBXBuildFile; fileRef = F9A34547191A064100920F0E /* GameContext.m */; };
		F9A34549191A064100920F0E /* GameContext.m in Sources */ = {isa = PBXBuildFile; fileRef = F9A34547191A064100920F0E /* GameContext.m */; };
		F9A3454C191C573200920F0E /* AppPathProvider.m in Sources */ = {isa = PBXBuildFile; fileRef = F9A3454B191C573200920F0E /* AppPathProvider.m */; };
		F9A3454D191C573200920F0E /* AppPathProvider.m in Sources */ = {isa = PBXBuildFile; fileRef = F9A3454B191C573200920F0E /* AppPathProvider.m */; };
		F9A34550191C59D500920F0E /* ProfileLoader.m in Sources */ = {isa = PBXBuildFile; fileRef = F9A3454F191C59D500920F0E /* ProfileLoader.m */; };
		F9A34551191C59D500920F0E /* ProfileLoader.m in Sources */ = {isa = PBXBuildFile; fileRef = F9A3454F191C59D500920F0E /* ProfileLoader.m */; };
		F9A74F0E192ED272008F410A /* VariableReplacerTester.m in Sources */ = {isa = PBXBuildFile; fileRef = F9A74F0D192ED272008F410A /* VariableReplacerTester.m */; };
		F9A74F1119305D14008F410A /* VariablesLoader.m in Sources */ = {isa = PBXBuildFile; fileRef = F9A74F1019305D14008F410A /* VariablesLoader.m */; };
		F9A74F1219305D14008F410A /* VariablesLoader.m in Sources */ = {isa = PBXBuildFile; fileRef = F9A74F1019305D14008F410A /* VariablesLoader.m */; };
		F9A74F141930606A008F410A /* VariablesLoaderTester.m in Sources */ = {isa = PBXBuildFile; fileRef = F9A74F131930606A008F410A /* VariablesLoaderTester.m */; };
		F9A79E531927F7D6000AF892 /* RoundtimeNotifier.m in Sources */ = {isa = PBXBuildFile; fileRef = F9A79E521927F7D6000AF892 /* RoundtimeNotifier.m */; };
		F9A79E541927F7D6000AF892 /* RoundtimeNotifier.m in Sources */ = {isa = PBXBuildFile; fileRef = F9A79E521927F7D6000AF892 /* RoundtimeNotifier.m */; };
		F9A79E571927FDA0000AF892 /* Roundtime.m in Sources */ = {isa = PBXBuildFile; fileRef = F9A79E561927FDA0000AF892 /* Roundtime.m */; };
		F9A79E581927FDA0000AF892 /* Roundtime.m in Sources */ = {isa = PBXBuildFile; fileRef = F9A79E561927FDA0000AF892 /* Roundtime.m */; };
		F9ACB138192ECD1A006D3548 /* GameCommandProcessor.m in Sources */ = {isa = PBXBuildFile; fileRef = F9ACB137192ECD1A006D3548 /* GameCommandProcessor.m */; };
		F9ACB139192ECD1A006D3548 /* GameCommandProcessor.m in Sources */ = {isa = PBXBuildFile; fileRef = F9ACB137192ECD1A006D3548 /* GameCommandProcessor.m */; };
		F9ACB140192ECFC3006D3548 /* VariableReplacer.m in Sources */ = {isa = PBXBuildFile; fileRef = F9ACB13F192ECFC3006D3548 /* VariableReplacer.m */; };
		F9ACB141192ECFC3006D3548 /* VariableReplacer.m in Sources */ = {isa = PBXBuildFile; fileRef = F9ACB13F192ECFC3006D3548 /* VariableReplacer.m */; };
		F9AE6A86189E218F00A11EE9 /* MMDrawingUtils.m in Sources */ = {isa = PBXBuildFile; fileRef = F9AE6A83189E218F00A11EE9 /* MMDrawingUtils.m */; };
		F9AE6A87189E218F00A11EE9 /* MMDrawingUtils.m in Sources */ = {isa = PBXBuildFile; fileRef = F9AE6A83189E218F00A11EE9 /* MMDrawingUtils.m */; };
		F9AE6A88189E218F00A11EE9 /* MMScroller.m in Sources */ = {isa = PBXBuildFile; fileRef = F9AE6A84189E218F00A11EE9 /* MMScroller.m */; };
		F9AE6A89189E218F00A11EE9 /* MMScroller.m in Sources */ = {isa = PBXBuildFile; fileRef = F9AE6A84189E218F00A11EE9 /* MMScroller.m */; };
		F9AE6A8A189E218F00A11EE9 /* MMScrollView.m in Sources */ = {isa = PBXBuildFile; fileRef = F9AE6A85189E218F00A11EE9 /* MMScrollView.m */; };
		F9AE6A8B189E218F00A11EE9 /* MMScrollView.m in Sources */ = {isa = PBXBuildFile; fileRef = F9AE6A85189E218F00A11EE9 /* MMScrollView.m */; };
		F9AE6A91189FFE6100A11EE9 /* MyProgressBar.m in Sources */ = {isa = PBXBuildFile; fileRef = F9AE6A90189FFE6100A11EE9 /* MyProgressBar.m */; };
		F9AE6A9818A0001300A11EE9 /* ProgressBarViewController.m in Sources */ = {isa = PBXBuildFile; fileRef = F9AE6A9618A0001300A11EE9 /* ProgressBarViewController.m */; };
		F9AE6A9918A0001300A11EE9 /* ProgressBarViewController.xib in Resources */ = {isa = PBXBuildFile; fileRef = F9AE6A9718A0001300A11EE9 /* ProgressBarViewController.xib */; };
		F9AE6AA018A07EA600A11EE9 /* VitalsViewController.m in Sources */ = {isa = PBXBuildFile; fileRef = F9AE6A9E18A07EA600A11EE9 /* VitalsViewController.m */; };
		F9AE6AA118A07EA600A11EE9 /* VitalsViewController.xib in Resources */ = {isa = PBXBuildFile; fileRef = F9AE6A9F18A07EA600A11EE9 /* VitalsViewController.xib */; };
		F9C2910A189AB86000F70224 /* Vitals.m in Sources */ = {isa = PBXBuildFile; fileRef = F9C29109189AB86000F70224 /* Vitals.m */; };
		F9C2910B189AB86000F70224 /* Vitals.m in Sources */ = {isa = PBXBuildFile; fileRef = F9C29109189AB86000F70224 /* Vitals.m */; };
		F9CB31101903238B004587A5 /* SkillExp.m in Sources */ = {isa = PBXBuildFile; fileRef = F9CB310F1903238B004587A5 /* SkillExp.m */; };
		F9CB31111903238B004587A5 /* SkillExp.m in Sources */ = {isa = PBXBuildFile; fileRef = F9CB310F1903238B004587A5 /* SkillExp.m */; };
		F9CB311419032EDE004587A5 /* LearningRate.m in Sources */ = {isa = PBXBuildFile; fileRef = F9CB311319032EDE004587A5 /* LearningRate.m */; };
		F9CB311519032EDE004587A5 /* LearningRate.m in Sources */ = {isa = PBXBuildFile; fileRef = F9CB311319032EDE004587A5 /* LearningRate.m */; };
		F9CF926B1890832800449548 /* Cocoa.framework in Frameworks */ = {isa = PBXBuildFile; fileRef = F9CF926A1890832800449548 /* Cocoa.framework */; };
		F9CF92751890832800449548 /* InfoPlist.strings in Resources */ = {isa = PBXBuildFile; fileRef = F9CF92731890832800449548 /* InfoPlist.strings */; };
		F9CF92771890832800449548 /* main.m in Sources */ = {isa = PBXBuildFile; fileRef = F9CF92761890832800449548 /* main.m */; };
		F9CF927B1890832800449548 /* Credits.rtf in Resources */ = {isa = PBXBuildFile; fileRef = F9CF92791890832800449548 /* Credits.rtf */; };
		F9CF927E1890832800449548 /* AppDelegate.m in Sources */ = {isa = PBXBuildFile; fileRef = F9CF927D1890832800449548 /* AppDelegate.m */; };
		F9CF92811890832800449548 /* MainMenu.xib in Resources */ = {isa = PBXBuildFile; fileRef = F9CF927F1890832800449548 /* MainMenu.xib */; };
		F9CF92831890832800449548 /* Images.xcassets in Resources */ = {isa = PBXBuildFile; fileRef = F9CF92821890832800449548 /* Images.xcassets */; };
		F9CF928A1890832800449548 /* XCTest.framework in Frameworks */ = {isa = PBXBuildFile; fileRef = F9CF92891890832800449548 /* XCTest.framework */; };
		F9CF928B1890832800449548 /* Cocoa.framework in Frameworks */ = {isa = PBXBuildFile; fileRef = F9CF926A1890832800449548 /* Cocoa.framework */; };
		F9CF92931890832800449548 /* InfoPlist.strings in Resources */ = {isa = PBXBuildFile; fileRef = F9CF92911890832800449548 /* InfoPlist.strings */; };
		F9FD07F018977A380087D813 /* NSView+Categories.m in Sources */ = {isa = PBXBuildFile; fileRef = F9FD07EF18977A380087D813 /* NSView+Categories.m */; };
/* End PBXBuildFile section */

/* Begin PBXContainerItemProxy section */
		F9CF928C1890832800449548 /* PBXContainerItemProxy */ = {
			isa = PBXContainerItemProxy;
			containerPortal = F9CF925F1890832800449548 /* Project object */;
			proxyType = 1;
			remoteGlobalIDString = F9CF92661890832800449548;
			remoteInfo = Outlander;
		};
/* End PBXContainerItemProxy section */

/* Begin PBXFileReference section */
		35E06892C5724F8E9E152435 /* libPods-OutlanderTests.a */ = {isa = PBXFileReference; explicitFileType = archive.ar; includeInIndex = 0; path = "libPods-OutlanderTests.a"; sourceTree = BUILT_PRODUCTS_DIR; };
		47A161DB5E5C4325AE50C012 /* libPods.a */ = {isa = PBXFileReference; explicitFileType = archive.ar; includeInIndex = 0; path = libPods.a; sourceTree = BUILT_PRODUCTS_DIR; };
		7070212539B84865B2217628 /* Pods.xcconfig */ = {isa = PBXFileReference; includeInIndex = 1; lastKnownFileType = text.xcconfig; name = Pods.xcconfig; path = ../Pods/Pods.xcconfig; sourceTree = "<group>"; };
		F91A37191928325E00C6FD64 /* SpelltimeNotifier.h */ = {isa = PBXFileReference; fileEncoding = 4; lastKnownFileType = sourcecode.c.h; path = SpelltimeNotifier.h; sourceTree = "<group>"; };
		F91A371A1928325E00C6FD64 /* SpelltimeNotifier.m */ = {isa = PBXFileReference; fileEncoding = 4; lastKnownFileType = sourcecode.c.objc; path = SpelltimeNotifier.m; sourceTree = "<group>"; };
		F91A371C19284E0900C6FD64 /* woodsword2.icns */ = {isa = PBXFileReference; lastKnownFileType = image.icns; name = woodsword2.icns; path = ../woodsword2.icns; sourceTree = "<group>"; };
		F92A4FBA192A56BC006C71F9 /* MyNSTextFieldTester.m */ = {isa = PBXFileReference; fileEncoding = 4; lastKnownFileType = sourcecode.c.objc; path = MyNSTextFieldTester.m; sourceTree = "<group>"; };
		F92A4FBD192ADAE4006C71F9 /* AppSettingsTester.m */ = {isa = PBXFileReference; fileEncoding = 4; lastKnownFileType = sourcecode.c.objc; path = AppSettingsTester.m; sourceTree = "<group>"; };
		F92A4FBF192B3484006C71F9 /* MyWindow.h */ = {isa = PBXFileReference; fileEncoding = 4; lastKnownFileType = sourcecode.c.h; path = MyWindow.h; sourceTree = "<group>"; };
		F92A4FC0192B3484006C71F9 /* MyWindow.m */ = {isa = PBXFileReference; fileEncoding = 4; lastKnownFileType = sourcecode.c.objc; path = MyWindow.m; sourceTree = "<group>"; };
		F92A4FC2192B35DC006C71F9 /* MyNSTextView.h */ = {isa = PBXFileReference; fileEncoding = 4; lastKnownFileType = sourcecode.c.h; path = MyNSTextView.h; sourceTree = "<group>"; };
		F92A4FC3192B35DC006C71F9 /* MyNSTextView.m */ = {isa = PBXFileReference; fileEncoding = 4; lastKnownFileType = sourcecode.c.objc; path = MyNSTextView.m; sourceTree = "<group>"; };
		F96ECDA8193404BB00787CB9 /* Actor.h */ = {isa = PBXFileReference; fileEncoding = 4; lastKnownFileType = sourcecode.c.h; path = Actor.h; sourceTree = "<group>"; };
		F96ECDA9193404BB00787CB9 /* Actor.m */ = {isa = PBXFileReference; fileEncoding = 4; lastKnownFileType = sourcecode.c.objc; path = Actor.m; sourceTree = "<group>"; };
		F96ECDAC1934160200787CB9 /* Script.h */ = {isa = PBXFileReference; fileEncoding = 4; lastKnownFileType = sourcecode.c.h; path = Script.h; sourceTree = "<group>"; };
		F96ECDAD1934160200787CB9 /* Script.m */ = {isa = PBXFileReference; fileEncoding = 4; lastKnownFileType = sourcecode.c.objc; path = Script.m; sourceTree = "<group>"; };
		F96ECDB01934194300787CB9 /* OutlanderParser.h */ = {isa = PBXFileReference; fileEncoding = 4; lastKnownFileType = sourcecode.c.h; path = OutlanderParser.h; sourceTree = "<group>"; };
		F96ECDB11934194300787CB9 /* OutlanderParser.m */ = {isa = PBXFileReference; fileEncoding = 4; lastKnownFileType = sourcecode.c.objc; path = OutlanderParser.m; sourceTree = "<group>"; };
		F96ECDB419343F5B00787CB9 /* ScriptLoader.h */ = {isa = PBXFileReference; fileEncoding = 4; lastKnownFileType = sourcecode.c.h; path = ScriptLoader.h; sourceTree = "<group>"; };
		F96ECDB519343F5B00787CB9 /* ScriptLoader.m */ = {isa = PBXFileReference; fileEncoding = 4; lastKnownFileType = sourcecode.c.objc; path = ScriptLoader.m; sourceTree = "<group>"; };
		F96ECDB81934445000787CB9 /* ScriptRunner.h */ = {isa = PBXFileReference; fileEncoding = 4; lastKnownFileType = sourcecode.c.h; path = ScriptRunner.h; sourceTree = "<group>"; };
		F96ECDB91934445000787CB9 /* ScriptRunner.m */ = {isa = PBXFileReference; fileEncoding = 4; lastKnownFileType = sourcecode.c.objc; path = ScriptRunner.m; sourceTree = "<group>"; };
		F96ECDBC1934585400787CB9 /* ScriptCommandHandler.h */ = {isa = PBXFileReference; fileEncoding = 4; lastKnownFileType = sourcecode.c.h; path = ScriptCommandHandler.h; sourceTree = "<group>"; };
		F96ECDBD1934585400787CB9 /* ScriptCommandHandler.m */ = {isa = PBXFileReference; fileEncoding = 4; lastKnownFileType = sourcecode.c.objc; path = ScriptCommandHandler.m; sourceTree = "<group>"; };
		F96ECDC01934586900787CB9 /* CommandHandler.h */ = {isa = PBXFileReference; fileEncoding = 4; lastKnownFileType = sourcecode.c.h; path = CommandHandler.h; sourceTree = "<group>"; };
		F96ECDC119345CAA00787CB9 /* ScriptHandler.h */ = {isa = PBXFileReference; fileEncoding = 4; lastKnownFileType = sourcecode.c.h; path = ScriptHandler.h; sourceTree = "<group>"; };
		F96ECDC219345CAA00787CB9 /* ScriptHandler.m */ = {isa = PBXFileReference; fileEncoding = 4; lastKnownFileType = sourcecode.c.objc; path = ScriptHandler.m; sourceTree = "<group>"; };
		F96ECDC51934E23A00787CB9 /* CommandContext.h */ = {isa = PBXFileReference; fileEncoding = 4; lastKnownFileType = sourcecode.c.h; path = CommandContext.h; sourceTree = "<group>"; };
		F96ECDC61934E23A00787CB9 /* CommandContext.m */ = {isa = PBXFileReference; fileEncoding = 4; lastKnownFileType = sourcecode.c.objc; path = CommandContext.m; sourceTree = "<group>"; };
		F96ECDC91934E6EB00787CB9 /* VarCommandHandler.h */ = {isa = PBXFileReference; fileEncoding = 4; lastKnownFileType = sourcecode.c.h; path = VarCommandHandler.h; sourceTree = "<group>"; };
		F96ECDCA1934E6EB00787CB9 /* VarCommandHandler.m */ = {isa = PBXFileReference; fileEncoding = 4; lastKnownFileType = sourcecode.c.objc; path = VarCommandHandler.m; sourceTree = "<group>"; };
		F96ECDCE1934E84D00787CB9 /* VarCommandHandlerTester.m */ = {isa = PBXFileReference; fileEncoding = 4; lastKnownFileType = sourcecode.c.objc; path = VarCommandHandlerTester.m; sourceTree = "<group>"; };
		F96ECDD1193565CE00787CB9 /* HighlightCommandTester.m */ = {isa = PBXFileReference; fileEncoding = 4; lastKnownFileType = sourcecode.c.objc; path = HighlightCommandTester.m; sourceTree = "<group>"; };
		F96ECDD3193565F100787CB9 /* HighlightCommandHandler.h */ = {isa = PBXFileReference; fileEncoding = 4; lastKnownFileType = sourcecode.c.h; path = HighlightCommandHandler.h; sourceTree = "<group>"; };
		F96ECDD4193565F100787CB9 /* HighlightCommandHandler.m */ = {isa = PBXFileReference; fileEncoding = 4; lastKnownFileType = sourcecode.c.objc; path = HighlightCommandHandler.m; sourceTree = "<group>"; };
		F96ECDD719356A6C00787CB9 /* OLMutableArray.h */ = {isa = PBXFileReference; fileEncoding = 4; lastKnownFileType = sourcecode.c.h; path = OLMutableArray.h; sourceTree = "<group>"; };
		F96ECDD819356A6C00787CB9 /* OLMutableArray.m */ = {isa = PBXFileReference; fileEncoding = 4; lastKnownFileType = sourcecode.c.objc; path = OLMutableArray.m; sourceTree = "<group>"; };
		F96ECDDB19359ECE00787CB9 /* AliasCommandHandler.h */ = {isa = PBXFileReference; fileEncoding = 4; lastKnownFileType = sourcecode.c.h; path = AliasCommandHandler.h; sourceTree = "<group>"; };
		F96ECDDC19359ECE00787CB9 /* AliasCommandHandler.m */ = {isa = PBXFileReference; fileEncoding = 4; lastKnownFileType = sourcecode.c.objc; path = AliasCommandHandler.m; sourceTree = "<group>"; };
		F96ECDE21936B82E00787CB9 /* ScriptTester.m */ = {isa = PBXFileReference; fileEncoding = 4; lastKnownFileType = sourcecode.c.objc; path = ScriptTester.m; sourceTree = "<group>"; };
		F971EFD31938806C008AF6A8 /* CommandRelay.h */ = {isa = PBXFileReference; fileEncoding = 4; lastKnownFileType = sourcecode.c.h; path = CommandRelay.h; sourceTree = "<group>"; };
		F971EFD4193880B6008AF6A8 /* GameCommandRelay.h */ = {isa = PBXFileReference; fileEncoding = 4; lastKnownFileType = sourcecode.c.h; path = GameCommandRelay.h; sourceTree = "<group>"; };
		F971EFD5193880B6008AF6A8 /* GameCommandRelay.m */ = {isa = PBXFileReference; fileEncoding = 4; lastKnownFileType = sourcecode.c.objc; path = GameCommandRelay.m; sourceTree = "<group>"; };
		F971EFD81938830D008AF6A8 /* StubCommandRelay.h */ = {isa = PBXFileReference; fileEncoding = 4; lastKnownFileType = sourcecode.c.h; path = StubCommandRelay.h; sourceTree = "<group>"; };
		F971EFD91938830D008AF6A8 /* StubCommandRelay.m */ = {isa = PBXFileReference; fileEncoding = 4; lastKnownFileType = sourcecode.c.objc; path = StubCommandRelay.m; sourceTree = "<group>"; };
		F971EFDB1938D7D0008AF6A8 /* StubInfoStream.h */ = {isa = PBXFileReference; fileEncoding = 4; lastKnownFileType = sourcecode.c.h; path = StubInfoStream.h; sourceTree = "<group>"; };
		F971EFDC1938D7D0008AF6A8 /* StubInfoStream.m */ = {isa = PBXFileReference; fileEncoding = 4; lastKnownFileType = sourcecode.c.objc; path = StubInfoStream.m; sourceTree = "<group>"; };
		F9762F76192E4EEB00B873D7 /* Alias.h */ = {isa = PBXFileReference; fileEncoding = 4; lastKnownFileType = sourcecode.c.h; path = Alias.h; sourceTree = "<group>"; };
		F9762F77192E4EEB00B873D7 /* Alias.m */ = {isa = PBXFileReference; fileEncoding = 4; lastKnownFileType = sourcecode.c.objc; path = Alias.m; sourceTree = "<group>"; };
		F9762F7A192E4F8700B873D7 /* AliasLoader.h */ = {isa = PBXFileReference; fileEncoding = 4; lastKnownFileType = sourcecode.c.h; path = AliasLoader.h; sourceTree = "<group>"; };
		F9762F7B192E4F8700B873D7 /* AliasLoader.m */ = {isa = PBXFileReference; fileEncoding = 4; lastKnownFileType = sourcecode.c.objc; path = AliasLoader.m; sourceTree = "<group>"; };
		F9762F7E192E50EF00B873D7 /* AliasesTester.m */ = {isa = PBXFileReference; fileEncoding = 4; lastKnownFileType = sourcecode.c.objc; path = AliasesTester.m; sourceTree = "<group>"; };
		F97A5C211890A6B600E2C318 /* MainWindowController.h */ = {isa = PBXFileReference; fileEncoding = 4; lastKnownFileType = sourcecode.c.h; path = MainWindowController.h; sourceTree = "<group>"; };
		F97A5C221890A6B600E2C318 /* MainWindowController.m */ = {isa = PBXFileReference; fileEncoding = 4; lastKnownFileType = sourcecode.c.objc; path = MainWindowController.m; sourceTree = "<group>"; };
		F97A5C231890A6B600E2C318 /* MainWindowController.xib */ = {isa = PBXFileReference; fileEncoding = 4; lastKnownFileType = file.xib; path = MainWindowController.xib; sourceTree = "<group>"; };
		F97A5C4D1890DFB400E2C318 /* TestViewController.h */ = {isa = PBXFileReference; fileEncoding = 4; lastKnownFileType = sourcecode.c.h; path = TestViewController.h; sourceTree = "<group>"; };
		F97A5C4E1890DFB400E2C318 /* TestViewController.m */ = {isa = PBXFileReference; fileEncoding = 4; lastKnownFileType = sourcecode.c.objc; path = TestViewController.m; sourceTree = "<group>"; };
		F97A5C4F1890DFB400E2C318 /* TestViewController.xib */ = {isa = PBXFileReference; fileEncoding = 4; lastKnownFileType = file.xib; path = TestViewController.xib; sourceTree = "<group>"; };
		F97A5C5A18919ED100E2C318 /* libPods-CocoaAsyncSocket.a */ = {isa = PBXFileReference; lastKnownFileType = archive.ar; name = "libPods-CocoaAsyncSocket.a"; path = "../../../../Library/Developer/Xcode/DerivedData/Outlander-gekybexymzgilhctsaczwgzxdxwx/Build/Products/Debug/libPods-CocoaAsyncSocket.a"; sourceTree = "<group>"; };
		F97A5C5D1891AB7D00E2C318 /* SignalSocket.h */ = {isa = PBXFileReference; fileEncoding = 4; lastKnownFileType = sourcecode.c.h; path = SignalSocket.h; sourceTree = "<group>"; };
		F97A5C5E1891AB7D00E2C318 /* SignalSocket.m */ = {isa = PBXFileReference; fileEncoding = 4; lastKnownFileType = sourcecode.c.objc; path = SignalSocket.m; sourceTree = "<group>"; };
		F97A5C611891F2C400E2C318 /* AuthenticationServer.h */ = {isa = PBXFileReference; fileEncoding = 4; lastKnownFileType = sourcecode.c.h; path = AuthenticationServer.h; sourceTree = "<group>"; };
		F97A5C621891F2C400E2C318 /* AuthenticationServer.m */ = {isa = PBXFileReference; fileEncoding = 4; lastKnownFileType = sourcecode.c.objc; path = AuthenticationServer.m; sourceTree = "<group>"; };
		F97A5C651892388D00E2C318 /* GameServer.h */ = {isa = PBXFileReference; fileEncoding = 4; lastKnownFileType = sourcecode.c.h; path = GameServer.h; sourceTree = "<group>"; };
		F97A5C661892388D00E2C318 /* GameServer.m */ = {isa = PBXFileReference; fileEncoding = 4; lastKnownFileType = sourcecode.c.objc; path = GameServer.m; sourceTree = "<group>"; };
		F97A5C6918924D3700E2C318 /* Shared.h */ = {isa = PBXFileReference; fileEncoding = 4; lastKnownFileType = sourcecode.c.h; path = Shared.h; sourceTree = "<group>"; };
		F97A5C6E1892CE1400E2C318 /* GameConnection.h */ = {isa = PBXFileReference; fileEncoding = 4; lastKnownFileType = sourcecode.c.h; path = GameConnection.h; sourceTree = "<group>"; };
		F97A5C6F1892CE1400E2C318 /* GameConnection.m */ = {isa = PBXFileReference; fileEncoding = 4; lastKnownFileType = sourcecode.c.objc; path = GameConnection.m; sourceTree = "<group>"; };
		F97A5C721893562800E2C318 /* NSString+Categories.h */ = {isa = PBXFileReference; fileEncoding = 4; lastKnownFileType = sourcecode.c.h; path = "NSString+Categories.h"; sourceTree = "<group>"; };
		F97A5C731893562800E2C318 /* NSString+Categories.m */ = {isa = PBXFileReference; fileEncoding = 4; lastKnownFileType = sourcecode.c.objc; path = "NSString+Categories.m"; sourceTree = "<group>"; };
		F97A5C771893808F00E2C318 /* HTMLNode.h */ = {isa = PBXFileReference; fileEncoding = 4; lastKnownFileType = sourcecode.c.h; path = HTMLNode.h; sourceTree = "<group>"; };
		F97A5C781893808F00E2C318 /* HTMLNode.m */ = {isa = PBXFileReference; fileEncoding = 4; lastKnownFileType = sourcecode.c.objc; path = HTMLNode.m; sourceTree = "<group>"; };
		F97A5C791893808F00E2C318 /* HTMLParser.h */ = {isa = PBXFileReference; fileEncoding = 4; lastKnownFileType = sourcecode.c.h; path = HTMLParser.h; sourceTree = "<group>"; };
		F97A5C7A1893808F00E2C318 /* HTMLParser.m */ = {isa = PBXFileReference; fileEncoding = 4; lastKnownFileType = sourcecode.c.objc; path = HTMLParser.m; sourceTree = "<group>"; };
		F97A5C7F1893812D00E2C318 /* libxml2.dylib */ = {isa = PBXFileReference; lastKnownFileType = "compiled.mach-o.dylib"; name = libxml2.dylib; path = usr/lib/libxml2.dylib; sourceTree = SDKROOT; };
		F97A5C811893962E00E2C318 /* GameParser.h */ = {isa = PBXFileReference; fileEncoding = 4; lastKnownFileType = sourcecode.c.h; path = GameParser.h; sourceTree = "<group>"; };
		F97A5C821893962E00E2C318 /* GameParser.m */ = {isa = PBXFileReference; fileEncoding = 4; lastKnownFileType = sourcecode.c.objc; path = GameParser.m; sourceTree = "<group>"; };
		F97A5C86189397DA00E2C318 /* GameParserTester.m */ = {isa = PBXFileReference; fileEncoding = 4; lastKnownFileType = sourcecode.c.objc; path = GameParserTester.m; sourceTree = "<group>"; };
		F97A5C881893AFDF00E2C318 /* TextTag.h */ = {isa = PBXFileReference; fileEncoding = 4; lastKnownFileType = sourcecode.c.h; path = TextTag.h; sourceTree = "<group>"; };
		F97A5C891893AFDF00E2C318 /* TextTag.m */ = {isa = PBXFileReference; fileEncoding = 4; lastKnownFileType = sourcecode.c.objc; path = TextTag.m; sourceTree = "<group>"; };
		F97A5C8C1894918F00E2C318 /* GameStream.h */ = {isa = PBXFileReference; fileEncoding = 4; lastKnownFileType = sourcecode.c.h; path = GameStream.h; sourceTree = "<group>"; };
		F97A5C8D1894918F00E2C318 /* GameStream.m */ = {isa = PBXFileReference; fileEncoding = 4; lastKnownFileType = sourcecode.c.objc; path = GameStream.m; sourceTree = "<group>"; };
		F97A5C901895086C00E2C318 /* NSColor+Categories.h */ = {isa = PBXFileReference; fileEncoding = 4; lastKnownFileType = sourcecode.c.h; name = "NSColor+Categories.h"; path = "HTML/NSColor+Categories.h"; sourceTree = "<group>"; };
		F97A5C911895086C00E2C318 /* NSColor+Categories.m */ = {isa = PBXFileReference; fileEncoding = 4; lastKnownFileType = sourcecode.c.objc; name = "NSColor+Categories.m"; path = "HTML/NSColor+Categories.m"; sourceTree = "<group>"; };
		F97A5C9818957A5D00E2C318 /* TSMutableDictionary.h */ = {isa = PBXFileReference; fileEncoding = 4; lastKnownFileType = sourcecode.c.h; path = TSMutableDictionary.h; sourceTree = "<group>"; };
		F97A5C9918957A5D00E2C318 /* TSMutableDictionary.m */ = {isa = PBXFileReference; fileEncoding = 4; lastKnownFileType = sourcecode.c.objc; path = TSMutableDictionary.m; sourceTree = "<group>"; };
		F97A5C9C1895C10100E2C318 /* CharacterViewModel.h */ = {isa = PBXFileReference; fileEncoding = 4; lastKnownFileType = sourcecode.c.h; path = CharacterViewModel.h; sourceTree = "<group>"; };
		F97A5C9D1895C10100E2C318 /* CharacterViewModel.m */ = {isa = PBXFileReference; fileEncoding = 4; lastKnownFileType = sourcecode.c.objc; path = CharacterViewModel.m; sourceTree = "<group>"; };
		F97A5CA01895E06400E2C318 /* MyView.h */ = {isa = PBXFileReference; fileEncoding = 4; lastKnownFileType = sourcecode.c.h; path = MyView.h; sourceTree = "<group>"; };
		F97A5CA11895E06400E2C318 /* MyView.m */ = {isa = PBXFileReference; fileEncoding = 4; lastKnownFileType = sourcecode.c.objc; path = MyView.m; sourceTree = "<group>"; };
		F97A5CA41895E2C400E2C318 /* MyNSTextField.h */ = {isa = PBXFileReference; fileEncoding = 4; lastKnownFileType = sourcecode.c.h; path = MyNSTextField.h; sourceTree = "<group>"; };
		F97A5CA51895E2C400E2C318 /* MyNSTextField.m */ = {isa = PBXFileReference; fileEncoding = 4; lastKnownFileType = sourcecode.c.objc; path = MyNSTextField.m; sourceTree = "<group>"; };
		F97A5CB91895EEF500E2C318 /* NSTextField+Categories.h */ = {isa = PBXFileReference; fileEncoding = 4; lastKnownFileType = sourcecode.c.h; path = "NSTextField+Categories.h"; sourceTree = "<group>"; };
		F97A5CBA1895EEF500E2C318 /* NSTextField+Categories.m */ = {isa = PBXFileReference; fileEncoding = 4; lastKnownFileType = sourcecode.c.objc; path = "NSTextField+Categories.m"; sourceTree = "<group>"; };
		F97A5CBD1896384A00E2C318 /* MyThumb.h */ = {isa = PBXFileReference; fileEncoding = 4; lastKnownFileType = sourcecode.c.h; path = MyThumb.h; sourceTree = "<group>"; };
		F97A5CBE1896384A00E2C318 /* MyThumb.m */ = {isa = PBXFileReference; fileEncoding = 4; lastKnownFileType = sourcecode.c.objc; path = MyThumb.m; sourceTree = "<group>"; };
		F97A5CC11896C21600E2C318 /* TextViewController.h */ = {isa = PBXFileReference; fileEncoding = 4; lastKnownFileType = sourcecode.c.h; path = TextViewController.h; sourceTree = "<group>"; };
		F97A5CC21896C21600E2C318 /* TextViewController.m */ = {isa = PBXFileReference; fileEncoding = 4; lastKnownFileType = sourcecode.c.objc; path = TextViewController.m; sourceTree = "<group>"; };
		F97A5CC31896C21600E2C318 /* TextViewController.xib */ = {isa = PBXFileReference; fileEncoding = 4; lastKnownFileType = file.xib; path = TextViewController.xib; sourceTree = "<group>"; };
		F9818D541908CA0200137896 /* ExpTracker.h */ = {isa = PBXFileReference; fileEncoding = 4; lastKnownFileType = sourcecode.c.h; path = ExpTracker.h; sourceTree = "<group>"; };
		F9818D551908CA0200137896 /* ExpTracker.m */ = {isa = PBXFileReference; fileEncoding = 4; lastKnownFileType = sourcecode.c.objc; path = ExpTracker.m; sourceTree = "<group>"; };
		F9818D591908CE4800137896 /* ExpTrackerTester.m */ = {isa = PBXFileReference; fileEncoding = 4; lastKnownFileType = sourcecode.c.objc; path = ExpTrackerTester.m; sourceTree = "<group>"; };
		F9818D5D1908D8FC00137896 /* SkillExpTester.m */ = {isa = PBXFileReference; fileEncoding = 4; lastKnownFileType = sourcecode.c.objc; path = SkillExpTester.m; sourceTree = "<group>"; };
		F9818D60190D75E800137896 /* TextViewControllerTester.m */ = {isa = PBXFileReference; fileEncoding = 4; lastKnownFileType = sourcecode.c.objc; path = TextViewControllerTester.m; sourceTree = "<group>"; };
		F989E1EF192C254800562E32 /* HighlightsLoader.h */ = {isa = PBXFileReference; fileEncoding = 4; lastKnownFileType = sourcecode.c.h; path = HighlightsLoader.h; sourceTree = "<group>"; };
		F989E1F0192C254800562E32 /* HighlightsLoader.m */ = {isa = PBXFileReference; fileEncoding = 4; lastKnownFileType = sourcecode.c.objc; path = HighlightsLoader.m; sourceTree = "<group>"; };
		F989E1F6192C278C00562E32 /* FileSystem.h */ = {isa = PBXFileReference; fileEncoding = 4; lastKnownFileType = sourcecode.c.h; path = FileSystem.h; sourceTree = "<group>"; };
		F989E1F7192C27AD00562E32 /* LocalFileSystem.h */ = {isa = PBXFileReference; fileEncoding = 4; lastKnownFileType = sourcecode.c.h; path = LocalFileSystem.h; sourceTree = "<group>"; };
		F989E1F8192C27AD00562E32 /* LocalFileSystem.m */ = {isa = PBXFileReference; fileEncoding = 4; lastKnownFileType = sourcecode.c.objc; path = LocalFileSystem.m; sourceTree = "<group>"; };
		F989E1FC192C2AA100562E32 /* HighlightsLoaderTester.m */ = {isa = PBXFileReference; fileEncoding = 4; lastKnownFileType = sourcecode.c.objc; path = HighlightsLoaderTester.m; sourceTree = "<group>"; };
		F989E1FF192C2B9B00562E32 /* StubFileSystem.h */ = {isa = PBXFileReference; fileEncoding = 4; lastKnownFileType = sourcecode.c.h; path = StubFileSystem.h; sourceTree = "<group>"; };
		F989E200192C2B9B00562E32 /* StubFileSystem.m */ = {isa = PBXFileReference; fileEncoding = 4; lastKnownFileType = sourcecode.c.objc; path = StubFileSystem.m; sourceTree = "<group>"; };
		F989E203192C2E6200562E32 /* Highlight.h */ = {isa = PBXFileReference; fileEncoding = 4; lastKnownFileType = sourcecode.c.h; path = Highlight.h; sourceTree = "<group>"; };
		F989E204192C2E6200562E32 /* Highlight.m */ = {isa = PBXFileReference; fileEncoding = 4; lastKnownFileType = sourcecode.c.objc; path = Highlight.m; sourceTree = "<group>"; };
		F98F22D119248506008175FD /* LoginViewController.h */ = {isa = PBXFileReference; fileEncoding = 4; lastKnownFileType = sourcecode.c.h; path = LoginViewController.h; sourceTree = "<group>"; };
		F98F22D219248506008175FD /* LoginViewController.m */ = {isa = PBXFileReference; fileEncoding = 4; lastKnownFileType = sourcecode.c.objc; path = LoginViewController.m; sourceTree = "<group>"; };
		F98F22D319248506008175FD /* LoginViewController.xib */ = {isa = PBXFileReference; fileEncoding = 4; lastKnownFileType = file.xib; path = LoginViewController.xib; sourceTree = "<group>"; };
		F98F22D81926654D008175FD /* Commands.h */ = {isa = PBXFileReference; fileEncoding = 4; lastKnownFileType = sourcecode.c.h; path = Commands.h; sourceTree = "<group>"; };
		F9A3452D1913390400920F0E /* WindowData.h */ = {isa = PBXFileReference; fileEncoding = 4; lastKnownFileType = sourcecode.c.h; path = WindowData.h; sourceTree = "<group>"; };
		F9A3452E1913390400920F0E /* WindowData.m */ = {isa = PBXFileReference; fileEncoding = 4; lastKnownFileType = sourcecode.c.objc; path = WindowData.m; sourceTree = "<group>"; };
		F9A345311913398800920F0E /* WindowDataService.h */ = {isa = PBXFileReference; fileEncoding = 4; lastKnownFileType = sourcecode.c.h; path = WindowDataService.h; sourceTree = "<group>"; };
		F9A345321913398800920F0E /* WindowDataService.m */ = {isa = PBXFileReference; fileEncoding = 4; lastKnownFileType = sourcecode.c.objc; path = WindowDataService.m; sourceTree = "<group>"; };
		F9A3453A1919CC1300920F0E /* AppSettingsLoader.h */ = {isa = PBXFileReference; fileEncoding = 4; lastKnownFileType = sourcecode.c.h; path = AppSettingsLoader.h; sourceTree = "<group>"; };
		F9A3453B1919CC1300920F0E /* AppSettingsLoader.m */ = {isa = PBXFileReference; fileEncoding = 4; lastKnownFileType = sourcecode.c.objc; path = AppSettingsLoader.m; sourceTree = "<group>"; };
		F9A3453E1919D83900920F0E /* AppSettings.h */ = {isa = PBXFileReference; fileEncoding = 4; lastKnownFileType = sourcecode.c.h; path = AppSettings.h; sourceTree = "<group>"; };
		F9A3453F1919D83900920F0E /* AppSettings.m */ = {isa = PBXFileReference; fileEncoding = 4; lastKnownFileType = sourcecode.c.objc; path = AppSettings.m; sourceTree = "<group>"; };
		F9A345421919DADA00920F0E /* ConfigLoader.h */ = {isa = PBXFileReference; fileEncoding = 4; lastKnownFileType = sourcecode.c.h; path = ConfigLoader.h; sourceTree = "<group>"; };
		F9A345431919DADA00920F0E /* ConfigLoader.m */ = {isa = PBXFileReference; fileEncoding = 4; lastKnownFileType = sourcecode.c.objc; path = ConfigLoader.m; sourceTree = "<group>"; };
		F9A34546191A064100920F0E /* GameContext.h */ = {isa = PBXFileReference; fileEncoding = 4; lastKnownFileType = sourcecode.c.h; path = GameContext.h; sourceTree = "<group>"; };
		F9A34547191A064100920F0E /* GameContext.m */ = {isa = PBXFileReference; fileEncoding = 4; lastKnownFileType = sourcecode.c.objc; path = GameContext.m; sourceTree = "<group>"; };
		F9A3454A191C573200920F0E /* AppPathProvider.h */ = {isa = PBXFileReference; fileEncoding = 4; lastKnownFileType = sourcecode.c.h; path = AppPathProvider.h; sourceTree = "<group>"; };
		F9A3454B191C573200920F0E /* AppPathProvider.m */ = {isa = PBXFileReference; fileEncoding = 4; lastKnownFileType = sourcecode.c.objc; path = AppPathProvider.m; sourceTree = "<group>"; };
		F9A3454E191C59D500920F0E /* ProfileLoader.h */ = {isa = PBXFileReference; fileEncoding = 4; lastKnownFileType = sourcecode.c.h; path = ProfileLoader.h; sourceTree = "<group>"; };
		F9A3454F191C59D500920F0E /* ProfileLoader.m */ = {isa = PBXFileReference; fileEncoding = 4; lastKnownFileType = sourcecode.c.objc; path = ProfileLoader.m; sourceTree = "<group>"; };
		F9A74F0D192ED272008F410A /* VariableReplacerTester.m */ = {isa = PBXFileReference; fileEncoding = 4; lastKnownFileType = sourcecode.c.objc; path = VariableReplacerTester.m; sourceTree = "<group>"; };
		F9A74F0F19305D14008F410A /* VariablesLoader.h */ = {isa = PBXFileReference; fileEncoding = 4; lastKnownFileType = sourcecode.c.h; path = VariablesLoader.h; sourceTree = "<group>"; };
		F9A74F1019305D14008F410A /* VariablesLoader.m */ = {isa = PBXFileReference; fileEncoding = 4; lastKnownFileType = sourcecode.c.objc; path = VariablesLoader.m; sourceTree = "<group>"; };
		F9A74F131930606A008F410A /* VariablesLoaderTester.m */ = {isa = PBXFileReference; fileEncoding = 4; lastKnownFileType = sourcecode.c.objc; path = VariablesLoaderTester.m; sourceTree = "<group>"; };
		F9A79E511927F7D6000AF892 /* RoundtimeNotifier.h */ = {isa = PBXFileReference; fileEncoding = 4; lastKnownFileType = sourcecode.c.h; path = RoundtimeNotifier.h; sourceTree = "<group>"; };
		F9A79E521927F7D6000AF892 /* RoundtimeNotifier.m */ = {isa = PBXFileReference; fileEncoding = 4; lastKnownFileType = sourcecode.c.objc; path = RoundtimeNotifier.m; sourceTree = "<group>"; };
		F9A79E551927FDA0000AF892 /* Roundtime.h */ = {isa = PBXFileReference; fileEncoding = 4; lastKnownFileType = sourcecode.c.h; path = Roundtime.h; sourceTree = "<group>"; };
		F9A79E561927FDA0000AF892 /* Roundtime.m */ = {isa = PBXFileReference; fileEncoding = 4; lastKnownFileType = sourcecode.c.objc; path = Roundtime.m; sourceTree = "<group>"; };
		F9ACB135192ECD00006D3548 /* CommandProcessor.h */ = {isa = PBXFileReference; fileEncoding = 4; lastKnownFileType = sourcecode.c.h; path = CommandProcessor.h; sourceTree = "<group>"; };
		F9ACB136192ECD1A006D3548 /* GameCommandProcessor.h */ = {isa = PBXFileReference; fileEncoding = 4; lastKnownFileType = sourcecode.c.h; path = GameCommandProcessor.h; sourceTree = "<group>"; };
		F9ACB137192ECD1A006D3548 /* GameCommandProcessor.m */ = {isa = PBXFileReference; fileEncoding = 4; lastKnownFileType = sourcecode.c.objc; path = GameCommandProcessor.m; sourceTree = "<group>"; };
		F9ACB13E192ECFC3006D3548 /* VariableReplacer.h */ = {isa = PBXFileReference; fileEncoding = 4; lastKnownFileType = sourcecode.c.h; path = VariableReplacer.h; sourceTree = "<group>"; };
		F9ACB13F192ECFC3006D3548 /* VariableReplacer.m */ = {isa = PBXFileReference; fileEncoding = 4; lastKnownFileType = sourcecode.c.objc; path = VariableReplacer.m; sourceTree = "<group>"; };
		F9AE6A80189E218F00A11EE9 /* MMDrawingUtils.h */ = {isa = PBXFileReference; fileEncoding = 4; lastKnownFileType = sourcecode.c.h; path = MMDrawingUtils.h; sourceTree = "<group>"; };
		F9AE6A81189E218F00A11EE9 /* MMScroller.h */ = {isa = PBXFileReference; fileEncoding = 4; lastKnownFileType = sourcecode.c.h; path = MMScroller.h; sourceTree = "<group>"; };
		F9AE6A82189E218F00A11EE9 /* MMScrollView.h */ = {isa = PBXFileReference; fileEncoding = 4; lastKnownFileType = sourcecode.c.h; path = MMScrollView.h; sourceTree = "<group>"; };
		F9AE6A83189E218F00A11EE9 /* MMDrawingUtils.m */ = {isa = PBXFileReference; fileEncoding = 4; lastKnownFileType = sourcecode.c.objc; path = MMDrawingUtils.m; sourceTree = "<group>"; };
		F9AE6A84189E218F00A11EE9 /* MMScroller.m */ = {isa = PBXFileReference; fileEncoding = 4; lastKnownFileType = sourcecode.c.objc; path = MMScroller.m; sourceTree = "<group>"; };
		F9AE6A85189E218F00A11EE9 /* MMScrollView.m */ = {isa = PBXFileReference; fileEncoding = 4; lastKnownFileType = sourcecode.c.objc; path = MMScrollView.m; sourceTree = "<group>"; };
		F9AE6A8F189FFE6100A11EE9 /* MyProgressBar.h */ = {isa = PBXFileReference; fileEncoding = 4; lastKnownFileType = sourcecode.c.h; path = MyProgressBar.h; sourceTree = "<group>"; };
		F9AE6A90189FFE6100A11EE9 /* MyProgressBar.m */ = {isa = PBXFileReference; fileEncoding = 4; lastKnownFileType = sourcecode.c.objc; path = MyProgressBar.m; sourceTree = "<group>"; };
		F9AE6A9518A0001300A11EE9 /* ProgressBarViewController.h */ = {isa = PBXFileReference; fileEncoding = 4; lastKnownFileType = sourcecode.c.h; path = ProgressBarViewController.h; sourceTree = "<group>"; };
		F9AE6A9618A0001300A11EE9 /* ProgressBarViewController.m */ = {isa = PBXFileReference; fileEncoding = 4; lastKnownFileType = sourcecode.c.objc; path = ProgressBarViewController.m; sourceTree = "<group>"; };
		F9AE6A9718A0001300A11EE9 /* ProgressBarViewController.xib */ = {isa = PBXFileReference; fileEncoding = 4; lastKnownFileType = file.xib; path = ProgressBarViewController.xib; sourceTree = "<group>"; };
		F9AE6A9D18A07EA600A11EE9 /* VitalsViewController.h */ = {isa = PBXFileReference; fileEncoding = 4; lastKnownFileType = sourcecode.c.h; path = VitalsViewController.h; sourceTree = "<group>"; };
		F9AE6A9E18A07EA600A11EE9 /* VitalsViewController.m */ = {isa = PBXFileReference; fileEncoding = 4; lastKnownFileType = sourcecode.c.objc; path = VitalsViewController.m; sourceTree = "<group>"; };
		F9AE6A9F18A07EA600A11EE9 /* VitalsViewController.xib */ = {isa = PBXFileReference; fileEncoding = 4; lastKnownFileType = file.xib; path = VitalsViewController.xib; sourceTree = "<group>"; };
		F9C29108189AB86000F70224 /* Vitals.h */ = {isa = PBXFileReference; fileEncoding = 4; lastKnownFileType = sourcecode.c.h; path = Vitals.h; sourceTree = "<group>"; };
		F9C29109189AB86000F70224 /* Vitals.m */ = {isa = PBXFileReference; fileEncoding = 4; lastKnownFileType = sourcecode.c.objc; path = Vitals.m; sourceTree = "<group>"; };
		F9CB310E1903238B004587A5 /* SkillExp.h */ = {isa = PBXFileReference; fileEncoding = 4; lastKnownFileType = sourcecode.c.h; path = SkillExp.h; sourceTree = "<group>"; };
		F9CB310F1903238B004587A5 /* SkillExp.m */ = {isa = PBXFileReference; fileEncoding = 4; lastKnownFileType = sourcecode.c.objc; path = SkillExp.m; sourceTree = "<group>"; };
		F9CB311219032EDE004587A5 /* LearningRate.h */ = {isa = PBXFileReference; fileEncoding = 4; lastKnownFileType = sourcecode.c.h; path = LearningRate.h; sourceTree = "<group>"; };
		F9CB311319032EDE004587A5 /* LearningRate.m */ = {isa = PBXFileReference; fileEncoding = 4; lastKnownFileType = sourcecode.c.objc; path = LearningRate.m; sourceTree = "<group>"; };
		F9CF92671890832800449548 /* Outlander.app */ = {isa = PBXFileReference; explicitFileType = wrapper.application; includeInIndex = 0; path = Outlander.app; sourceTree = BUILT_PRODUCTS_DIR; };
		F9CF926A1890832800449548 /* Cocoa.framework */ = {isa = PBXFileReference; lastKnownFileType = wrapper.framework; name = Cocoa.framework; path = System/Library/Frameworks/Cocoa.framework; sourceTree = SDKROOT; };
		F9CF926D1890832800449548 /* AppKit.framework */ = {isa = PBXFileReference; lastKnownFileType = wrapper.framework; name = AppKit.framework; path = System/Library/Frameworks/AppKit.framework; sourceTree = SDKROOT; };
		F9CF926E1890832800449548 /* CoreData.framework */ = {isa = PBXFileReference; lastKnownFileType = wrapper.framework; name = CoreData.framework; path = System/Library/Frameworks/CoreData.framework; sourceTree = SDKROOT; };
		F9CF926F1890832800449548 /* Foundation.framework */ = {isa = PBXFileReference; lastKnownFileType = wrapper.framework; name = Foundation.framework; path = System/Library/Frameworks/Foundation.framework; sourceTree = SDKROOT; };
		F9CF92721890832800449548 /* Outlander-Info.plist */ = {isa = PBXFileReference; lastKnownFileType = text.plist.xml; path = "Outlander-Info.plist"; sourceTree = "<group>"; };
		F9CF92741890832800449548 /* en */ = {isa = PBXFileReference; lastKnownFileType = text.plist.strings; name = en; path = en.lproj/InfoPlist.strings; sourceTree = "<group>"; };
		F9CF92761890832800449548 /* main.m */ = {isa = PBXFileReference; lastKnownFileType = sourcecode.c.objc; path = main.m; sourceTree = "<group>"; };
		F9CF92781890832800449548 /* Outlander-Prefix.pch */ = {isa = PBXFileReference; lastKnownFileType = sourcecode.c.h; path = "Outlander-Prefix.pch"; sourceTree = "<group>"; };
		F9CF927A1890832800449548 /* en */ = {isa = PBXFileReference; lastKnownFileType = text.rtf; name = en; path = en.lproj/Credits.rtf; sourceTree = "<group>"; };
		F9CF927C1890832800449548 /* AppDelegate.h */ = {isa = PBXFileReference; lastKnownFileType = sourcecode.c.h; path = AppDelegate.h; sourceTree = "<group>"; };
		F9CF927D1890832800449548 /* AppDelegate.m */ = {isa = PBXFileReference; lastKnownFileType = sourcecode.c.objc; path = AppDelegate.m; sourceTree = "<group>"; };
		F9CF92801890832800449548 /* Base */ = {isa = PBXFileReference; lastKnownFileType = file.xib; name = Base; path = Base.lproj/MainMenu.xib; sourceTree = "<group>"; };
		F9CF92821890832800449548 /* Images.xcassets */ = {isa = PBXFileReference; lastKnownFileType = folder.assetcatalog; path = Images.xcassets; sourceTree = "<group>"; };
		F9CF92881890832800449548 /* OutlanderTests.xctest */ = {isa = PBXFileReference; explicitFileType = wrapper.cfbundle; includeInIndex = 0; path = OutlanderTests.xctest; sourceTree = BUILT_PRODUCTS_DIR; };
		F9CF92891890832800449548 /* XCTest.framework */ = {isa = PBXFileReference; lastKnownFileType = wrapper.framework; name = XCTest.framework; path = Library/Frameworks/XCTest.framework; sourceTree = DEVELOPER_DIR; };
		F9CF92901890832800449548 /* OutlanderTests-Info.plist */ = {isa = PBXFileReference; lastKnownFileType = text.plist.xml; path = "OutlanderTests-Info.plist"; sourceTree = "<group>"; };
		F9CF92921890832800449548 /* en */ = {isa = PBXFileReference; lastKnownFileType = text.plist.strings; name = en; path = en.lproj/InfoPlist.strings; sourceTree = "<group>"; };
		F9FD07EE18977A380087D813 /* NSView+Categories.h */ = {isa = PBXFileReference; fileEncoding = 4; lastKnownFileType = sourcecode.c.h; path = "NSView+Categories.h"; sourceTree = "<group>"; };
		F9FD07EF18977A380087D813 /* NSView+Categories.m */ = {isa = PBXFileReference; fileEncoding = 4; lastKnownFileType = sourcecode.c.objc; path = "NSView+Categories.m"; sourceTree = "<group>"; };
/* End PBXFileReference section */

/* Begin PBXFrameworksBuildPhase section */
		F9CF92641890832800449548 /* Frameworks */ = {
			isa = PBXFrameworksBuildPhase;
			buildActionMask = 2147483647;
			files = (
				F97A5C801893812D00E2C318 /* libxml2.dylib in Frameworks */,
				F9CF926B1890832800449548 /* Cocoa.framework in Frameworks */,
				AF00C6A715154F0390B92D90 /* libPods.a in Frameworks */,
			);
			runOnlyForDeploymentPostprocessing = 0;
		};
		F9CF92851890832800449548 /* Frameworks */ = {
			isa = PBXFrameworksBuildPhase;
			buildActionMask = 2147483647;
			files = (
				F9CF928B1890832800449548 /* Cocoa.framework in Frameworks */,
				F9CF928A1890832800449548 /* XCTest.framework in Frameworks */,
				1B16717B043E46E09978A26F /* libPods-OutlanderTests.a in Frameworks */,
			);
			runOnlyForDeploymentPostprocessing = 0;
		};
/* End PBXFrameworksBuildPhase section */

/* Begin PBXGroup section */
		F97A5C1A1890A07B00E2C318 /* Scripting */ = {
			isa = PBXGroup;
			children = (
				F96ECDA8193404BB00787CB9 /* Actor.h */,
				F96ECDA9193404BB00787CB9 /* Actor.m */,
				F96ECDDB19359ECE00787CB9 /* AliasCommandHandler.h */,
				F96ECDDC19359ECE00787CB9 /* AliasCommandHandler.m */,
				F971EFD31938806C008AF6A8 /* CommandRelay.h */,
				F96ECDD3193565F100787CB9 /* HighlightCommandHandler.h */,
				F96ECDD4193565F100787CB9 /* HighlightCommandHandler.m */,
				F96ECDB01934194300787CB9 /* OutlanderParser.h */,
				F96ECDB11934194300787CB9 /* OutlanderParser.m */,
				F96ECDAC1934160200787CB9 /* Script.h */,
				F96ECDAD1934160200787CB9 /* Script.m */,
				F96ECDBC1934585400787CB9 /* ScriptCommandHandler.h */,
				F96ECDBD1934585400787CB9 /* ScriptCommandHandler.m */,
				F96ECDC119345CAA00787CB9 /* ScriptHandler.h */,
				F96ECDC219345CAA00787CB9 /* ScriptHandler.m */,
				F96ECDB419343F5B00787CB9 /* ScriptLoader.h */,
				F96ECDB519343F5B00787CB9 /* ScriptLoader.m */,
				F96ECDB81934445000787CB9 /* ScriptRunner.h */,
				F96ECDB91934445000787CB9 /* ScriptRunner.m */,
				F96ECDC91934E6EB00787CB9 /* VarCommandHandler.h */,
				F96ECDCA1934E6EB00787CB9 /* VarCommandHandler.m */,
				F971EFD4193880B6008AF6A8 /* GameCommandRelay.h */,
				F971EFD5193880B6008AF6A8 /* GameCommandRelay.m */,
			);
			name = Scripting;
			sourceTree = "<group>";
		};
		F97A5C1B1890A08400E2C318 /* Text */ = {
			isa = PBXGroup;
			children = (
			);
			name = Text;
			sourceTree = "<group>";
		};
		F97A5C1C1890A4E400E2C318 /* Views */ = {
			isa = PBXGroup;
			children = (
				F97A5C211890A6B600E2C318 /* MainWindowController.h */,
				F97A5C221890A6B600E2C318 /* MainWindowController.m */,
				F97A5C231890A6B600E2C318 /* MainWindowController.xib */,
				F97A5C4D1890DFB400E2C318 /* TestViewController.h */,
				F97A5C4E1890DFB400E2C318 /* TestViewController.m */,
				F97A5C4F1890DFB400E2C318 /* TestViewController.xib */,
				F97A5C9C1895C10100E2C318 /* CharacterViewModel.h */,
				F97A5C9D1895C10100E2C318 /* CharacterViewModel.m */,
				F97A5CC11896C21600E2C318 /* TextViewController.h */,
				F97A5CC21896C21600E2C318 /* TextViewController.m */,
				F97A5CC31896C21600E2C318 /* TextViewController.xib */,
				F9AE6A9518A0001300A11EE9 /* ProgressBarViewController.h */,
				F9AE6A9618A0001300A11EE9 /* ProgressBarViewController.m */,
				F9AE6A9718A0001300A11EE9 /* ProgressBarViewController.xib */,
				F9AE6A9D18A07EA600A11EE9 /* VitalsViewController.h */,
				F9AE6A9E18A07EA600A11EE9 /* VitalsViewController.m */,
				F9AE6A9F18A07EA600A11EE9 /* VitalsViewController.xib */,
				F98F22D119248506008175FD /* LoginViewController.h */,
				F98F22D219248506008175FD /* LoginViewController.m */,
				F98F22D319248506008175FD /* LoginViewController.xib */,
			);
			name = Views;
			sourceTree = "<group>";
		};
		F97A5C5C1891AADB00E2C318 /* Support */ = {
			isa = PBXGroup;
			children = (
				F97A5C901895086C00E2C318 /* NSColor+Categories.h */,
				F97A5C911895086C00E2C318 /* NSColor+Categories.m */,
				F97A5C721893562800E2C318 /* NSString+Categories.h */,
				F97A5C731893562800E2C318 /* NSString+Categories.m */,
				F97A5C5D1891AB7D00E2C318 /* SignalSocket.h */,
				F97A5C5E1891AB7D00E2C318 /* SignalSocket.m */,
				F97A5C6918924D3700E2C318 /* Shared.h */,
				F97A5C9818957A5D00E2C318 /* TSMutableDictionary.h */,
				F97A5C9918957A5D00E2C318 /* TSMutableDictionary.m */,
				F97A5CB91895EEF500E2C318 /* NSTextField+Categories.h */,
				F97A5CBA1895EEF500E2C318 /* NSTextField+Categories.m */,
				F9FD07EE18977A380087D813 /* NSView+Categories.h */,
				F9FD07EF18977A380087D813 /* NSView+Categories.m */,
				F96ECDD719356A6C00787CB9 /* OLMutableArray.h */,
				F96ECDD819356A6C00787CB9 /* OLMutableArray.m */,
			);
			name = Support;
			sourceTree = "<group>";
		};
		F97A5C6D1892CDAA00E2C318 /* Core */ = {
			isa = PBXGroup;
			children = (
				F9762F76192E4EEB00B873D7 /* Alias.h */,
				F9762F77192E4EEB00B873D7 /* Alias.m */,
				F97A5C611891F2C400E2C318 /* AuthenticationServer.h */,
				F97A5C621891F2C400E2C318 /* AuthenticationServer.m */,
				F96ECDC01934586900787CB9 /* CommandHandler.h */,
				F9ACB135192ECD00006D3548 /* CommandProcessor.h */,
				F98F22D81926654D008175FD /* Commands.h */,
				F9818D541908CA0200137896 /* ExpTracker.h */,
				F9818D551908CA0200137896 /* ExpTracker.m */,
				F989E1F6192C278C00562E32 /* FileSystem.h */,
				F9ACB136192ECD1A006D3548 /* GameCommandProcessor.h */,
				F9ACB137192ECD1A006D3548 /* GameCommandProcessor.m */,
				F97A5C6E1892CE1400E2C318 /* GameConnection.h */,
				F97A5C6F1892CE1400E2C318 /* GameConnection.m */,
				F97A5C811893962E00E2C318 /* GameParser.h */,
				F97A5C821893962E00E2C318 /* GameParser.m */,
				F97A5C651892388D00E2C318 /* GameServer.h */,
				F97A5C661892388D00E2C318 /* GameServer.m */,
				F97A5C8C1894918F00E2C318 /* GameStream.h */,
				F97A5C8D1894918F00E2C318 /* GameStream.m */,
				F989E203192C2E6200562E32 /* Highlight.h */,
				F989E204192C2E6200562E32 /* Highlight.m */,
				F9CB311219032EDE004587A5 /* LearningRate.h */,
				F9CB311319032EDE004587A5 /* LearningRate.m */,
				F989E1F7192C27AD00562E32 /* LocalFileSystem.h */,
				F989E1F8192C27AD00562E32 /* LocalFileSystem.m */,
				F9A79E551927FDA0000AF892 /* Roundtime.h */,
				F9A79E561927FDA0000AF892 /* Roundtime.m */,
				F9A79E511927F7D6000AF892 /* RoundtimeNotifier.h */,
				F9A79E521927F7D6000AF892 /* RoundtimeNotifier.m */,
				F9CB310E1903238B004587A5 /* SkillExp.h */,
				F9CB310F1903238B004587A5 /* SkillExp.m */,
				F91A37191928325E00C6FD64 /* SpelltimeNotifier.h */,
				F91A371A1928325E00C6FD64 /* SpelltimeNotifier.m */,
				F97A5C881893AFDF00E2C318 /* TextTag.h */,
				F97A5C891893AFDF00E2C318 /* TextTag.m */,
				F9ACB13E192ECFC3006D3548 /* VariableReplacer.h */,
				F9ACB13F192ECFC3006D3548 /* VariableReplacer.m */,
				F9C29108189AB86000F70224 /* Vitals.h */,
				F9C29109189AB86000F70224 /* Vitals.m */,
				F96ECDC51934E23A00787CB9 /* CommandContext.h */,
				F96ECDC61934E23A00787CB9 /* CommandContext.m */,
			);
			name = Core;
			sourceTree = "<group>";
		};
		F97A5C761893808F00E2C318 /* HTML */ = {
			isa = PBXGroup;
			children = (
				F97A5C771893808F00E2C318 /* HTMLNode.h */,
				F97A5C781893808F00E2C318 /* HTMLNode.m */,
				F97A5C791893808F00E2C318 /* HTMLParser.h */,
				F97A5C7A1893808F00E2C318 /* HTMLParser.m */,
			);
			path = HTML;
			sourceTree = "<group>";
		};
		F97A5CAC1895E72D00E2C318 /* Controls */ = {
			isa = PBXGroup;
			children = (
				F9AE6A80189E218F00A11EE9 /* MMDrawingUtils.h */,
				F9AE6A81189E218F00A11EE9 /* MMScroller.h */,
				F9AE6A82189E218F00A11EE9 /* MMScrollView.h */,
				F9AE6A83189E218F00A11EE9 /* MMDrawingUtils.m */,
				F9AE6A84189E218F00A11EE9 /* MMScroller.m */,
				F9AE6A85189E218F00A11EE9 /* MMScrollView.m */,
				F97A5CA01895E06400E2C318 /* MyView.h */,
				F97A5CA11895E06400E2C318 /* MyView.m */,
				F97A5CA41895E2C400E2C318 /* MyNSTextField.h */,
				F97A5CA51895E2C400E2C318 /* MyNSTextField.m */,
				F97A5CBD1896384A00E2C318 /* MyThumb.h */,
				F97A5CBE1896384A00E2C318 /* MyThumb.m */,
				F9AE6A8F189FFE6100A11EE9 /* MyProgressBar.h */,
				F9AE6A90189FFE6100A11EE9 /* MyProgressBar.m */,
				F92A4FBF192B3484006C71F9 /* MyWindow.h */,
				F92A4FC0192B3484006C71F9 /* MyWindow.m */,
				F92A4FC2192B35DC006C71F9 /* MyNSTextView.h */,
				F92A4FC3192B35DC006C71F9 /* MyNSTextView.m */,
			);
			name = Controls;
			sourceTree = "<group>";
		};
		F989E202192C2BA700562E32 /* Stubs */ = {
			isa = PBXGroup;
			children = (
				F989E1FF192C2B9B00562E32 /* StubFileSystem.h */,
				F989E200192C2B9B00562E32 /* StubFileSystem.m */,
				F971EFD81938830D008AF6A8 /* StubCommandRelay.h */,
				F971EFD91938830D008AF6A8 /* StubCommandRelay.m */,
				F971EFDB1938D7D0008AF6A8 /* StubInfoStream.h */,
				F971EFDC1938D7D0008AF6A8 /* StubInfoStream.m */,
			);
			name = Stubs;
			sourceTree = "<group>";
		};
		F9A3452C191338E900920F0E /* UI */ = {
			isa = PBXGroup;
			children = (
				F9A3452D1913390400920F0E /* WindowData.h */,
				F9A3452E1913390400920F0E /* WindowData.m */,
				F9A345311913398800920F0E /* WindowDataService.h */,
				F9A345321913398800920F0E /* WindowDataService.m */,
			);
			name = UI;
			sourceTree = "<group>";
		};
		F9A345391919CC0500920F0E /* Settings */ = {
			isa = PBXGroup;
			children = (
				F9A3454A191C573200920F0E /* AppPathProvider.h */,
				F9A3454B191C573200920F0E /* AppPathProvider.m */,
				F9A3453E1919D83900920F0E /* AppSettings.h */,
				F9A3453F1919D83900920F0E /* AppSettings.m */,
				F9A3453A1919CC1300920F0E /* AppSettingsLoader.h */,
				F9A3453B1919CC1300920F0E /* AppSettingsLoader.m */,
				F9A345421919DADA00920F0E /* ConfigLoader.h */,
				F9A345431919DADA00920F0E /* ConfigLoader.m */,
				F9A34546191A064100920F0E /* GameContext.h */,
				F9A34547191A064100920F0E /* GameContext.m */,
				F9A3454E191C59D500920F0E /* ProfileLoader.h */,
				F9A3454F191C59D500920F0E /* ProfileLoader.m */,
				F989E1EF192C254800562E32 /* HighlightsLoader.h */,
				F989E1F0192C254800562E32 /* HighlightsLoader.m */,
				F9762F7A192E4F8700B873D7 /* AliasLoader.h */,
				F9762F7B192E4F8700B873D7 /* AliasLoader.m */,
				F9A74F0F19305D14008F410A /* VariablesLoader.h */,
				F9A74F1019305D14008F410A /* VariablesLoader.m */,
			);
			name = Settings;
			sourceTree = "<group>";
		};
		F9CF925E1890832800449548 = {
			isa = PBXGroup;
			children = (
				F9CF92701890832800449548 /* Outlander */,
				F9CF928E1890832800449548 /* OutlanderTests */,
				F9CF92691890832800449548 /* Frameworks */,
				F9CF92681890832800449548 /* Products */,
				7070212539B84865B2217628 /* Pods.xcconfig */,
			);
			sourceTree = "<group>";
		};
		F9CF92681890832800449548 /* Products */ = {
			isa = PBXGroup;
			children = (
				F9CF92671890832800449548 /* Outlander.app */,
				F9CF92881890832800449548 /* OutlanderTests.xctest */,
			);
			name = Products;
			sourceTree = "<group>";
		};
		F9CF92691890832800449548 /* Frameworks */ = {
			isa = PBXGroup;
			children = (
				F97A5C7F1893812D00E2C318 /* libxml2.dylib */,
				F97A5C5A18919ED100E2C318 /* libPods-CocoaAsyncSocket.a */,
				F9CF926A1890832800449548 /* Cocoa.framework */,
				F9CF92891890832800449548 /* XCTest.framework */,
				F9CF926C1890832800449548 /* Other Frameworks */,
				47A161DB5E5C4325AE50C012 /* libPods.a */,
				35E06892C5724F8E9E152435 /* libPods-OutlanderTests.a */,
			);
			name = Frameworks;
			sourceTree = "<group>";
		};
		F9CF926C1890832800449548 /* Other Frameworks */ = {
			isa = PBXGroup;
			children = (
				F9CF926D1890832800449548 /* AppKit.framework */,
				F9CF926E1890832800449548 /* CoreData.framework */,
				F9CF926F1890832800449548 /* Foundation.framework */,
			);
			name = "Other Frameworks";
			sourceTree = "<group>";
		};
		F9CF92701890832800449548 /* Outlander */ = {
			isa = PBXGroup;
			children = (
				F9CF927C1890832800449548 /* AppDelegate.h */,
				F9CF927D1890832800449548 /* AppDelegate.m */,
				F9CF92821890832800449548 /* Images.xcassets */,
				F9CF927F1890832800449548 /* MainMenu.xib */,
				F97A5CAC1895E72D00E2C318 /* Controls */,
				F97A5C6D1892CDAA00E2C318 /* Core */,
				F97A5C761893808F00E2C318 /* HTML */,
				F97A5C1A1890A07B00E2C318 /* Scripting */,
				F9A345391919CC0500920F0E /* Settings */,
				F97A5C5C1891AADB00E2C318 /* Support */,
				F97A5C1B1890A08400E2C318 /* Text */,
				F9A3452C191338E900920F0E /* UI */,
				F97A5C1C1890A4E400E2C318 /* Views */,
				F9CF92711890832800449548 /* Supporting Files */,
			);
			path = Outlander;
			sourceTree = "<group>";
		};
		F9CF92711890832800449548 /* Supporting Files */ = {
			isa = PBXGroup;
			children = (
				F91A371C19284E0900C6FD64 /* woodsword2.icns */,
				F9CF92721890832800449548 /* Outlander-Info.plist */,
				F9CF92731890832800449548 /* InfoPlist.strings */,
				F9CF92761890832800449548 /* main.m */,
				F9CF92781890832800449548 /* Outlander-Prefix.pch */,
				F9CF92791890832800449548 /* Credits.rtf */,
			);
			name = "Supporting Files";
			sourceTree = "<group>";
		};
		F9CF928E1890832800449548 /* OutlanderTests */ = {
			isa = PBXGroup;
			children = (
				F989E202192C2BA700562E32 /* Stubs */,
				F9762F7E192E50EF00B873D7 /* AliasesTester.m */,
				F92A4FBD192ADAE4006C71F9 /* AppSettingsTester.m */,
				F9818D591908CE4800137896 /* ExpTrackerTester.m */,
				F97A5C86189397DA00E2C318 /* GameParserTester.m */,
				F96ECDD1193565CE00787CB9 /* HighlightCommandTester.m */,
				F989E1FC192C2AA100562E32 /* HighlightsLoaderTester.m */,
				F92A4FBA192A56BC006C71F9 /* MyNSTextFieldTester.m */,
				F96ECDE21936B82E00787CB9 /* ScriptTester.m */,
				F9818D5D1908D8FC00137896 /* SkillExpTester.m */,
				F9818D60190D75E800137896 /* TextViewControllerTester.m */,
				F96ECDCE1934E84D00787CB9 /* VarCommandHandlerTester.m */,
				F9A74F0D192ED272008F410A /* VariableReplacerTester.m */,
				F9A74F131930606A008F410A /* VariablesLoaderTester.m */,
				F9CF928F1890832800449548 /* Supporting Files */,
			);
			path = OutlanderTests;
			sourceTree = "<group>";
		};
		F9CF928F1890832800449548 /* Supporting Files */ = {
			isa = PBXGroup;
			children = (
				F9CF92901890832800449548 /* OutlanderTests-Info.plist */,
				F9CF92911890832800449548 /* InfoPlist.strings */,
			);
			name = "Supporting Files";
			sourceTree = "<group>";
		};
/* End PBXGroup section */

/* Begin PBXNativeTarget section */
		F9CF92661890832800449548 /* Outlander */ = {
			isa = PBXNativeTarget;
			buildConfigurationList = F9CF92981890832800449548 /* Build configuration list for PBXNativeTarget "Outlander" */;
			buildPhases = (
				302E9CBC367A4D4DB47B5D65 /* Check Pods Manifest.lock */,
				F9CF92631890832800449548 /* Sources */,
				F9CF92641890832800449548 /* Frameworks */,
				F9CF92651890832800449548 /* Resources */,
				90F76A8BB2AD494C94C82D94 /* Copy Pods Resources */,
			);
			buildRules = (
			);
			dependencies = (
			);
			name = Outlander;
			productName = Outlander;
			productReference = F9CF92671890832800449548 /* Outlander.app */;
			productType = "com.apple.product-type.application";
		};
		F9CF92871890832800449548 /* OutlanderTests */ = {
			isa = PBXNativeTarget;
			buildConfigurationList = F9CF929B1890832800449548 /* Build configuration list for PBXNativeTarget "OutlanderTests" */;
			buildPhases = (
				5882B6895BA34C8C8CFA2C7C /* Check Pods Manifest.lock */,
				F9CF92841890832800449548 /* Sources */,
				F9CF92851890832800449548 /* Frameworks */,
				F9CF92861890832800449548 /* Resources */,
				6A1D0D83916E4B5B894CA214 /* Copy Pods Resources */,
			);
			buildRules = (
			);
			dependencies = (
				F9CF928D1890832800449548 /* PBXTargetDependency */,
			);
			name = OutlanderTests;
			productName = OutlanderTests;
			productReference = F9CF92881890832800449548 /* OutlanderTests.xctest */;
			productType = "com.apple.product-type.bundle.unit-test";
		};
/* End PBXNativeTarget section */

/* Begin PBXProject section */
		F9CF925F1890832800449548 /* Project object */ = {
			isa = PBXProject;
			attributes = {
				LastUpgradeCheck = 0510;
				ORGANIZATIONNAME = "Joe McBride";
				TargetAttributes = {
					F9CF92871890832800449548 = {
						TestTargetID = F9CF92661890832800449548;
					};
				};
			};
			buildConfigurationList = F9CF92621890832800449548 /* Build configuration list for PBXProject "Outlander" */;
			compatibilityVersion = "Xcode 3.2";
			developmentRegion = English;
			hasScannedForEncodings = 0;
			knownRegions = (
				en,
				Base,
			);
			mainGroup = F9CF925E1890832800449548;
			productRefGroup = F9CF92681890832800449548 /* Products */;
			projectDirPath = "";
			projectRoot = "";
			targets = (
				F9CF92661890832800449548 /* Outlander */,
				F9CF92871890832800449548 /* OutlanderTests */,
			);
		};
/* End PBXProject section */

/* Begin PBXResourcesBuildPhase section */
		F9CF92651890832800449548 /* Resources */ = {
			isa = PBXResourcesBuildPhase;
			buildActionMask = 2147483647;
			files = (
				F98F22D619248506008175FD /* LoginViewController.xib in Resources */,
				F9CF92751890832800449548 /* InfoPlist.strings in Resources */,
				F9CF92831890832800449548 /* Images.xcassets in Resources */,
				F91A371D19284E0900C6FD64 /* woodsword2.icns in Resources */,
				F9CF927B1890832800449548 /* Credits.rtf in Resources */,
				F9AE6AA118A07EA600A11EE9 /* VitalsViewController.xib in Resources */,
				F97A5CC61896C21600E2C318 /* TextViewController.xib in Resources */,
				F9CF92811890832800449548 /* MainMenu.xib in Resources */,
				F97A5C511890DFB400E2C318 /* TestViewController.xib in Resources */,
				F97A5C261890A6B600E2C318 /* MainWindowController.xib in Resources */,
				F9AE6A9918A0001300A11EE9 /* ProgressBarViewController.xib in Resources */,
			);
			runOnlyForDeploymentPostprocessing = 0;
		};
		F9CF92861890832800449548 /* Resources */ = {
			isa = PBXResourcesBuildPhase;
			buildActionMask = 2147483647;
			files = (
				F98F22D719248506008175FD /* LoginViewController.xib in Resources */,
				F97A5C271890A6B600E2C318 /* MainWindowController.xib in Resources */,
				F9CF92931890832800449548 /* InfoPlist.strings in Resources */,
				F97A5CC71896C21600E2C318 /* TextViewController.xib in Resources */,
			);
			runOnlyForDeploymentPostprocessing = 0;
		};
/* End PBXResourcesBuildPhase section */

/* Begin PBXShellScriptBuildPhase section */
		302E9CBC367A4D4DB47B5D65 /* Check Pods Manifest.lock */ = {
			isa = PBXShellScriptBuildPhase;
			buildActionMask = 2147483647;
			files = (
			);
			inputPaths = (
			);
			name = "Check Pods Manifest.lock";
			outputPaths = (
			);
			runOnlyForDeploymentPostprocessing = 0;
			shellPath = /bin/sh;
			shellScript = "diff \"${PODS_ROOT}/../Podfile.lock\" \"${PODS_ROOT}/Manifest.lock\" > /dev/null\nif [[ $? != 0 ]] ; then\n    cat << EOM\nerror: The sandbox is not in sync with the Podfile.lock. Run 'pod install' or update your CocoaPods installation.\nEOM\n    exit 1\nfi\n";
			showEnvVarsInLog = 0;
		};
		5882B6895BA34C8C8CFA2C7C /* Check Pods Manifest.lock */ = {
			isa = PBXShellScriptBuildPhase;
			buildActionMask = 2147483647;
			files = (
			);
			inputPaths = (
			);
			name = "Check Pods Manifest.lock";
			outputPaths = (
			);
			runOnlyForDeploymentPostprocessing = 0;
			shellPath = /bin/sh;
			shellScript = "diff \"${PODS_ROOT}/../Podfile.lock\" \"${PODS_ROOT}/Manifest.lock\" > /dev/null\nif [[ $? != 0 ]] ; then\n    cat << EOM\nerror: The sandbox is not in sync with the Podfile.lock. Run 'pod install' or update your CocoaPods installation.\nEOM\n    exit 1\nfi\n";
			showEnvVarsInLog = 0;
		};
		6A1D0D83916E4B5B894CA214 /* Copy Pods Resources */ = {
			isa = PBXShellScriptBuildPhase;
			buildActionMask = 2147483647;
			files = (
			);
			inputPaths = (
			);
			name = "Copy Pods Resources";
			outputPaths = (
			);
			runOnlyForDeploymentPostprocessing = 0;
			shellPath = /bin/sh;
			shellScript = "\"${SRCROOT}/../Pods/Pods-OutlanderTests-resources.sh\"\n";
			showEnvVarsInLog = 0;
		};
		90F76A8BB2AD494C94C82D94 /* Copy Pods Resources */ = {
			isa = PBXShellScriptBuildPhase;
			buildActionMask = 2147483647;
			files = (
			);
			inputPaths = (
			);
			name = "Copy Pods Resources";
			outputPaths = (
			);
			runOnlyForDeploymentPostprocessing = 0;
			shellPath = /bin/sh;
			shellScript = "\"${SRCROOT}/../Pods/Pods-resources.sh\"\n";
			showEnvVarsInLog = 0;
		};
/* End PBXShellScriptBuildPhase section */

/* Begin PBXSourcesBuildPhase section */
		F9CF92631890832800449548 /* Sources */ = {
			isa = PBXSourcesBuildPhase;
			buildActionMask = 2147483647;
			files = (
				F97A5CC41896C21600E2C318 /* TextViewController.m in Sources */,
				F97A5C9E1895C10100E2C318 /* CharacterViewModel.m in Sources */,
				F96ECDBE1934585400787CB9 /* ScriptCommandHandler.m in Sources */,
				F97A5C7B1893808F00E2C318 /* HTMLNode.m in Sources */,
				F9AE6AA018A07EA600A11EE9 /* VitalsViewController.m in Sources */,
				F96ECDAE1934160200787CB9 /* Script.m in Sources */,
				F9A345331913398800920F0E /* WindowDataService.m in Sources */,
				F9A34550191C59D500920F0E /* ProfileLoader.m in Sources */,
				F97A5CA21895E06400E2C318 /* MyView.m in Sources */,
				F96ECDB619343F5B00787CB9 /* ScriptLoader.m in Sources */,
				F9CB311419032EDE004587A5 /* LearningRate.m in Sources */,
				F9A345401919D83900920F0E /* AppSettings.m in Sources */,
				F9762F7C192E4F8700B873D7 /* AliasLoader.m in Sources */,
				F97A5CA61895E2C400E2C318 /* MyNSTextField.m in Sources */,
				F9AE6A88189E218F00A11EE9 /* MMScroller.m in Sources */,
				F97A5C8A1893AFDF00E2C318 /* TextTag.m in Sources */,
				F989E205192C2E6200562E32 /* Highlight.m in Sources */,
				F96ECDBA1934445000787CB9 /* ScriptRunner.m in Sources */,
				F9AE6A86189E218F00A11EE9 /* MMDrawingUtils.m in Sources */,
				F9A79E571927FDA0000AF892 /* Roundtime.m in Sources */,
				F96ECDCB1934E6EB00787CB9 /* VarCommandHandler.m in Sources */,
				F9CB31101903238B004587A5 /* SkillExp.m in Sources */,
				F989E1F1192C254800562E32 /* HighlightsLoader.m in Sources */,
				F96ECDC71934E23A00787CB9 /* CommandContext.m in Sources */,
				F92A4FC4192B35DC006C71F9 /* MyNSTextView.m in Sources */,
				F96ECDAA193404BB00787CB9 /* Actor.m in Sources */,
				F91A371B1928325E00C6FD64 /* SpelltimeNotifier.m in Sources */,
				F97A5C7D1893808F00E2C318 /* HTMLParser.m in Sources */,
				F97A5C831893962E00E2C318 /* GameParser.m in Sources */,
				F9A3452F1913390400920F0E /* WindowData.m in Sources */,
				F96ECDB21934194300787CB9 /* OutlanderParser.m in Sources */,
				F9A3453C1919CC1300920F0E /* AppSettingsLoader.m in Sources */,
				F9AE6A9818A0001300A11EE9 /* ProgressBarViewController.m in Sources */,
				F9AE6A91189FFE6100A11EE9 /* MyProgressBar.m in Sources */,
				F97A5C5F1891AB7D00E2C318 /* SignalSocket.m in Sources */,
				F971EFD6193880B6008AF6A8 /* GameCommandRelay.m in Sources */,
				F96ECDC319345CAA00787CB9 /* ScriptHandler.m in Sources */,
				F97A5C8E1894918F00E2C318 /* GameStream.m in Sources */,
				F96ECDDD19359ECE00787CB9 /* AliasCommandHandler.m in Sources */,
				F97A5C241890A6B600E2C318 /* MainWindowController.m in Sources */,
				F97A5C9A18957A5D00E2C318 /* TSMutableDictionary.m in Sources */,
				F9ACB138192ECD1A006D3548 /* GameCommandProcessor.m in Sources */,
				F9CF927E1890832800449548 /* AppDelegate.m in Sources */,
				F97A5C501890DFB400E2C318 /* TestViewController.m in Sources */,
				F97A5C631891F2C400E2C318 /* AuthenticationServer.m in Sources */,
				F97A5C921895086C00E2C318 /* NSColor+Categories.m in Sources */,
				F97A5CBF1896384A00E2C318 /* MyThumb.m in Sources */,
				F92A4FC1192B3484006C71F9 /* MyWindow.m in Sources */,
				F97A5C701892CE1400E2C318 /* GameConnection.m in Sources */,
				F9FD07F018977A380087D813 /* NSView+Categories.m in Sources */,
				F9A345441919DADA00920F0E /* ConfigLoader.m in Sources */,
				F9A74F1119305D14008F410A /* VariablesLoader.m in Sources */,
				F98F22D419248506008175FD /* LoginViewController.m in Sources */,
				F989E1F9192C27AD00562E32 /* LocalFileSystem.m in Sources */,
				F97A5C741893562800E2C318 /* NSString+Categories.m in Sources */,
				F97A5CBB1895EEF500E2C318 /* NSTextField+Categories.m in Sources */,
				F9A79E531927F7D6000AF892 /* RoundtimeNotifier.m in Sources */,
				F9818D561908CA0200137896 /* ExpTracker.m in Sources */,
				F96ECDD5193565F100787CB9 /* HighlightCommandHandler.m in Sources */,
				F9CF92771890832800449548 /* main.m in Sources */,
				F9762F78192E4EEB00B873D7 /* Alias.m in Sources */,
				F9C2910A189AB86000F70224 /* Vitals.m in Sources */,
				F9AE6A8A189E218F00A11EE9 /* MMScrollView.m in Sources */,
				F9A3454C191C573200920F0E /* AppPathProvider.m in Sources */,
				F97A5C671892388D00E2C318 /* GameServer.m in Sources */,
				F96ECDD919356A6C00787CB9 /* OLMutableArray.m in Sources */,
				F9A34548191A064100920F0E /* GameContext.m in Sources */,
				F9ACB140192ECFC3006D3548 /* VariableReplacer.m in Sources */,
			);
			runOnlyForDeploymentPostprocessing = 0;
		};
		F9CF92841890832800449548 /* Sources */ = {
			isa = PBXSourcesBuildPhase;
			buildActionMask = 2147483647;
			files = (
				F97A5C931895086C00E2C318 /* NSColor+Categories.m in Sources */,
				F9A3454D191C573200920F0E /* AppPathProvider.m in Sources */,
				F96ECDBF1934585400787CB9 /* ScriptCommandHandler.m in Sources */,
				F96ECDDE19359ECE00787CB9 /* AliasCommandHandler.m in Sources */,
				F98F22D519248506008175FD /* LoginViewController.m in Sources */,
				F9818D571908CA0200137896 /* ExpTracker.m in Sources */,
				F96ECDAF1934160200787CB9 /* Script.m in Sources */,
				F989E206192C2E6200562E32 /* Highlight.m in Sources */,
				F9A345301913390400920F0E /* WindowData.m in Sources */,
				F97A5C7C1893808F00E2C318 /* HTMLNode.m in Sources */,
				F96ECDD2193565CE00787CB9 /* HighlightCommandTester.m in Sources */,
				F96ECDB719343F5B00787CB9 /* ScriptLoader.m in Sources */,
				F9A345411919D83900920F0E /* AppSettings.m in Sources */,
				F9A74F1219305D14008F410A /* VariablesLoader.m in Sources */,
				F97A5C681892388D00E2C318 /* GameServer.m in Sources */,
				F97A5CA71895E2C400E2C318 /* MyNSTextField.m in Sources */,
				F97A5C9B18957A5D00E2C318 /* TSMutableDictionary.m in Sources */,
				F9CB311519032EDE004587A5 /* LearningRate.m in Sources */,
				F9762F79192E4EEB00B873D7 /* Alias.m in Sources */,
				F96ECDBB1934445000787CB9 /* ScriptRunner.m in Sources */,
				F97A5CC51896C21600E2C318 /* TextViewController.m in Sources */,
				F97A5CBC1895EEF500E2C318 /* NSTextField+Categories.m in Sources */,
				F96ECDCC1934E6EB00787CB9 /* VarCommandHandler.m in Sources */,
				F9A34549191A064100920F0E /* GameContext.m in Sources */,
				F97A5CA31895E06400E2C318 /* MyView.m in Sources */,
				F96ECDC81934E23A00787CB9 /* CommandContext.m in Sources */,
				F97A5C641891F2C400E2C318 /* AuthenticationServer.m in Sources */,
				F96ECDAB193404BB00787CB9 /* Actor.m in Sources */,
				F9CB31111903238B004587A5 /* SkillExp.m in Sources */,
				F92A4FBB192A56BC006C71F9 /* MyNSTextFieldTester.m in Sources */,
				F97A5C251890A6B600E2C318 /* MainWindowController.m in Sources */,
				F971EFDD1938D7D0008AF6A8 /* StubInfoStream.m in Sources */,
				F971EFDA1938830D008AF6A8 /* StubCommandRelay.m in Sources */,
				F96ECDD6193565F100787CB9 /* HighlightCommandHandler.m in Sources */,
				F989E1FA192C27AD00562E32 /* LocalFileSystem.m in Sources */,
				F96ECDB31934194300787CB9 /* OutlanderParser.m in Sources */,
				F97A5C7E1893808F00E2C318 /* HTMLParser.m in Sources */,
				F9A3453D1919CC1300920F0E /* AppSettingsLoader.m in Sources */,
				F97A5C8F1894918F00E2C318 /* GameStream.m in Sources */,
				F97A5C9F1895C10100E2C318 /* CharacterViewModel.m in Sources */,
				F96ECDC419345CAA00787CB9 /* ScriptHandler.m in Sources */,
				F96ECDD01934E84D00787CB9 /* VarCommandHandlerTester.m in Sources */,
				F9ACB139192ECD1A006D3548 /* GameCommandProcessor.m in Sources */,
				F9A345341913398800920F0E /* WindowDataService.m in Sources */,
				F92A4FBE192ADAE4006C71F9 /* AppSettingsTester.m in Sources */,
				F9818D5E1908D8FC00137896 /* SkillExpTester.m in Sources */,
				F9A79E581927FDA0000AF892 /* Roundtime.m in Sources */,
				F9AE6A8B189E218F00A11EE9 /* MMScrollView.m in Sources */,
				F97A5C87189397DA00E2C318 /* GameParserTester.m in Sources */,
				F9A74F0E192ED272008F410A /* VariableReplacerTester.m in Sources */,
				F97A5C841893962E00E2C318 /* GameParser.m in Sources */,
				F9762F7F192E50EF00B873D7 /* AliasesTester.m in Sources */,
				F9A74F141930606A008F410A /* VariablesLoaderTester.m in Sources */,
				F9AE6A89189E218F00A11EE9 /* MMScroller.m in Sources */,
				F97A5C601891AB7D00E2C318 /* SignalSocket.m in Sources */,
				F9ACB141192ECFC3006D3548 /* VariableReplacer.m in Sources */,
				F9818D5B1908CE4800137896 /* ExpTrackerTester.m in Sources */,
				F971EFD7193880B6008AF6A8 /* GameCommandRelay.m in Sources */,
				F97A5CC01896384A00E2C318 /* MyThumb.m in Sources */,
				F9818D61190D75E800137896 /* TextViewControllerTester.m in Sources */,
				F9A79E541927F7D6000AF892 /* RoundtimeNotifier.m in Sources */,
				F9A345451919DADA00920F0E /* ConfigLoader.m in Sources */,
				F9A34551191C59D500920F0E /* ProfileLoader.m in Sources */,
				F9762F7D192E4F8700B873D7 /* AliasLoader.m in Sources */,
				F97A5C711892CE1400E2C318 /* GameConnection.m in Sources */,
				F97A5C8B1893AFDF00E2C318 /* TextTag.m in Sources */,
				F989E1FE192C2AA100562E32 /* HighlightsLoaderTester.m in Sources */,
				F9C2910B189AB86000F70224 /* Vitals.m in Sources */,
				F9AE6A87189E218F00A11EE9 /* MMDrawingUtils.m in Sources */,
				F989E201192C2B9B00562E32 /* StubFileSystem.m in Sources */,
				F97A5C751893562800E2C318 /* NSString+Categories.m in Sources */,
				F96ECDDA19356A6C00787CB9 /* OLMutableArray.m in Sources */,
				F96ECDE31936B82E00787CB9 /* ScriptTester.m in Sources */,
			);
			runOnlyForDeploymentPostprocessing = 0;
		};
/* End PBXSourcesBuildPhase section */

/* Begin PBXTargetDependency section */
		F9CF928D1890832800449548 /* PBXTargetDependency */ = {
			isa = PBXTargetDependency;
			target = F9CF92661890832800449548 /* Outlander */;
			targetProxy = F9CF928C1890832800449548 /* PBXContainerItemProxy */;
		};
/* End PBXTargetDependency section */

/* Begin PBXVariantGroup section */
		F9CF92731890832800449548 /* InfoPlist.strings */ = {
			isa = PBXVariantGroup;
			children = (
				F9CF92741890832800449548 /* en */,
			);
			name = InfoPlist.strings;
			sourceTree = "<group>";
		};
		F9CF92791890832800449548 /* Credits.rtf */ = {
			isa = PBXVariantGroup;
			children = (
				F9CF927A1890832800449548 /* en */,
			);
			name = Credits.rtf;
			sourceTree = "<group>";
		};
		F9CF927F1890832800449548 /* MainMenu.xib */ = {
			isa = PBXVariantGroup;
			children = (
				F9CF92801890832800449548 /* Base */,
			);
			name = MainMenu.xib;
			sourceTree = "<group>";
		};
		F9CF92911890832800449548 /* InfoPlist.strings */ = {
			isa = PBXVariantGroup;
			children = (
				F9CF92921890832800449548 /* en */,
			);
			name = InfoPlist.strings;
			sourceTree = "<group>";
		};
/* End PBXVariantGroup section */

/* Begin XCBuildConfiguration section */
		F9CF92961890832800449548 /* Debug */ = {
			isa = XCBuildConfiguration;
			baseConfigurationReference = 7070212539B84865B2217628 /* Pods.xcconfig */;
			buildSettings = {
				ALWAYS_SEARCH_USER_PATHS = NO;
				CLANG_CXX_LANGUAGE_STANDARD = "gnu++0x";
				CLANG_CXX_LIBRARY = "libc++";
				CLANG_ENABLE_OBJC_ARC = YES;
				CLANG_WARN_BOOL_CONVERSION = YES;
				CLANG_WARN_CONSTANT_CONVERSION = YES;
				CLANG_WARN_DIRECT_OBJC_ISA_USAGE = YES_ERROR;
				CLANG_WARN_EMPTY_BODY = YES;
				CLANG_WARN_ENUM_CONVERSION = YES;
				CLANG_WARN_INT_CONVERSION = YES;
				CLANG_WARN_OBJC_ROOT_CLASS = YES_ERROR;
				CLANG_WARN__DUPLICATE_METHOD_MATCH = YES;
				COPY_PHASE_STRIP = NO;
				GCC_C_LANGUAGE_STANDARD = gnu99;
				GCC_DYNAMIC_NO_PIC = NO;
				GCC_ENABLE_OBJC_EXCEPTIONS = YES;
				GCC_OPTIMIZATION_LEVEL = 0;
				GCC_PREPROCESSOR_DEFINITIONS = (
					"DEBUG=1",
					"$(inherited)",
				);
				GCC_SYMBOLS_PRIVATE_EXTERN = NO;
				GCC_WARN_64_TO_32_BIT_CONVERSION = YES;
				GCC_WARN_ABOUT_RETURN_TYPE = YES_ERROR;
				GCC_WARN_UNDECLARED_SELECTOR = YES;
				GCC_WARN_UNINITIALIZED_AUTOS = YES;
				GCC_WARN_UNUSED_FUNCTION = YES;
				GCC_WARN_UNUSED_VARIABLE = YES;
				MACOSX_DEPLOYMENT_TARGET = 10.6;
				ONLY_ACTIVE_ARCH = YES;
				SDKROOT = macosx;
			};
			name = Debug;
		};
		F9CF92971890832800449548 /* Release */ = {
			isa = XCBuildConfiguration;
			baseConfigurationReference = 7070212539B84865B2217628 /* Pods.xcconfig */;
			buildSettings = {
				ALWAYS_SEARCH_USER_PATHS = NO;
				CLANG_CXX_LANGUAGE_STANDARD = "gnu++0x";
				CLANG_CXX_LIBRARY = "libc++";
				CLANG_ENABLE_OBJC_ARC = YES;
				CLANG_WARN_BOOL_CONVERSION = YES;
				CLANG_WARN_CONSTANT_CONVERSION = YES;
				CLANG_WARN_DIRECT_OBJC_ISA_USAGE = YES_ERROR;
				CLANG_WARN_EMPTY_BODY = YES;
				CLANG_WARN_ENUM_CONVERSION = YES;
				CLANG_WARN_INT_CONVERSION = YES;
				CLANG_WARN_OBJC_ROOT_CLASS = YES_ERROR;
				CLANG_WARN__DUPLICATE_METHOD_MATCH = YES;
				COPY_PHASE_STRIP = YES;
				DEBUG_INFORMATION_FORMAT = "dwarf-with-dsym";
				ENABLE_NS_ASSERTIONS = NO;
				GCC_C_LANGUAGE_STANDARD = gnu99;
				GCC_ENABLE_OBJC_EXCEPTIONS = YES;
				GCC_WARN_64_TO_32_BIT_CONVERSION = YES;
				GCC_WARN_ABOUT_RETURN_TYPE = YES_ERROR;
				GCC_WARN_UNDECLARED_SELECTOR = YES;
				GCC_WARN_UNINITIALIZED_AUTOS = YES;
				GCC_WARN_UNUSED_FUNCTION = YES;
				GCC_WARN_UNUSED_VARIABLE = YES;
				MACOSX_DEPLOYMENT_TARGET = 10.6;
				ONLY_ACTIVE_ARCH = NO;
				SDKROOT = macosx;
			};
			name = Release;
		};
		F9CF92991890832800449548 /* Debug */ = {
			isa = XCBuildConfiguration;
			baseConfigurationReference = 7070212539B84865B2217628 /* Pods.xcconfig */;
			buildSettings = {
				ASSETCATALOG_COMPILER_APPICON_NAME = AppIcon;
				COMBINE_HIDPI_IMAGES = YES;
				GCC_PRECOMPILE_PREFIX_HEADER = YES;
				GCC_PREFIX_HEADER = "Outlander/Outlander-Prefix.pch";
				HEADER_SEARCH_PATHS = (
					"\"${PODS_ROOT}/Headers\"",
					"\"${PODS_ROOT}/Headers/AFNetworking\"",
					"\"${PODS_ROOT}/Headers/CocoaAsyncSocket\"",
					"\"${PODS_ROOT}/Headers/Kiwi\"",
					"\"${PODS_ROOT}/Headers/ReactiveCocoa\"",
					"\"${PODS_ROOT}/Headers/ReactiveCocoa/ReactiveCocoa\"",
					"\"/usr/include/libxml2\"",
				);
				INFOPLIST_FILE = "Outlander/Outlander-Info.plist";
				LIBRARY_SEARCH_PATHS = (
					"$(inherited)",
					"$(USER_LIBRARY_DIR)/Developer/Xcode/DerivedData/Outlander-gekybexymzgilhctsaczwgzxdxwx/Build/Products/Debug",
				);
				MACOSX_DEPLOYMENT_TARGET = 10.8;
				OTHER_LDFLAGS = (
					"-ObjC",
					"-framework",
					CoreServices,
					"-framework",
					Security,
					"-framework",
					SystemConfiguration,
					"-lxml2",
				);
				PRODUCT_NAME = "$(TARGET_NAME)";
				WRAPPER_EXTENSION = app;
			};
			name = Debug;
		};
		F9CF929A1890832800449548 /* Release */ = {
			isa = XCBuildConfiguration;
			baseConfigurationReference = 7070212539B84865B2217628 /* Pods.xcconfig */;
			buildSettings = {
				ASSETCATALOG_COMPILER_APPICON_NAME = AppIcon;
				COMBINE_HIDPI_IMAGES = YES;
				GCC_PRECOMPILE_PREFIX_HEADER = YES;
				GCC_PREFIX_HEADER = "Outlander/Outlander-Prefix.pch";
				HEADER_SEARCH_PATHS = (
					"\"${PODS_ROOT}/Headers\"",
					"\"${PODS_ROOT}/Headers/AFNetworking\"",
					"\"${PODS_ROOT}/Headers/CocoaAsyncSocket\"",
					"\"${PODS_ROOT}/Headers/Kiwi\"",
					"\"${PODS_ROOT}/Headers/ReactiveCocoa\"",
					"\"${PODS_ROOT}/Headers/ReactiveCocoa/ReactiveCocoa\"",
					"\"/usr/include/libxml2\"",
				);
				INFOPLIST_FILE = "Outlander/Outlander-Info.plist";
				LIBRARY_SEARCH_PATHS = (
					"$(inherited)",
					"$(USER_LIBRARY_DIR)/Developer/Xcode/DerivedData/Outlander-gekybexymzgilhctsaczwgzxdxwx/Build/Products/Debug",
				);
				MACOSX_DEPLOYMENT_TARGET = 10.8;
				OTHER_LDFLAGS = (
					"-ObjC",
					"-framework",
					CoreServices,
					"-framework",
					Security,
					"-framework",
					SystemConfiguration,
					"-lxml2",
				);
				PRODUCT_NAME = "$(TARGET_NAME)";
				WRAPPER_EXTENSION = app;
			};
			name = Release;
		};
		F9CF929C1890832800449548 /* Debug */ = {
			isa = XCBuildConfiguration;
			baseConfigurationReference = 7070212539B84865B2217628 /* Pods.xcconfig */;
			buildSettings = {
				BUNDLE_LOADER = "$(BUILT_PRODUCTS_DIR)/Outlander.app/Contents/MacOS/Outlander";
				COMBINE_HIDPI_IMAGES = YES;
				FRAMEWORK_SEARCH_PATHS = (
					"$(DEVELOPER_FRAMEWORKS_DIR)",
					"$(inherited)",
				);
				GCC_PRECOMPILE_PREFIX_HEADER = YES;
				GCC_PREFIX_HEADER = "Outlander/Outlander-Prefix.pch";
				GCC_PREPROCESSOR_DEFINITIONS = (
					"DEBUG=1",
					"$(inherited)",
				);
				HEADER_SEARCH_PATHS = (
					"\"${PODS_ROOT}/Headers\"",
					"\"${PODS_ROOT}/Headers/AFNetworking\"",
					"\"${PODS_ROOT}/Headers/CocoaAsyncSocket\"",
					"\"${PODS_ROOT}/Headers/Kiwi\"",
					"\"${PODS_ROOT}/Headers/ReactiveCocoa\"",
					"\"${PODS_ROOT}/Headers/ReactiveCocoa/ReactiveCocoa\"",
					"\"/usr/include/libxml2\"",
				);
				INFOPLIST_FILE = "OutlanderTests/OutlanderTests-Info.plist";
				MACOSX_DEPLOYMENT_TARGET = 10.8;
				OTHER_LDFLAGS = (
					"-ObjC",
					"-framework",
					XCTest,
					"-lxml2",
				);
				PRODUCT_NAME = "$(TARGET_NAME)";
				TEST_HOST = "$(BUNDLE_LOADER)";
				WRAPPER_EXTENSION = xctest;
			};
			name = Debug;
		};
		F9CF929D1890832800449548 /* Release */ = {
			isa = XCBuildConfiguration;
			baseConfigurationReference = 7070212539B84865B2217628 /* Pods.xcconfig */;
			buildSettings = {
				BUNDLE_LOADER = "$(BUILT_PRODUCTS_DIR)/Outlander.app/Contents/MacOS/Outlander";
				COMBINE_HIDPI_IMAGES = YES;
				FRAMEWORK_SEARCH_PATHS = (
					"$(DEVELOPER_FRAMEWORKS_DIR)",
					"$(inherited)",
				);
				GCC_PRECOMPILE_PREFIX_HEADER = YES;
				GCC_PREFIX_HEADER = "Outlander/Outlander-Prefix.pch";
				HEADER_SEARCH_PATHS = (
					"\"${PODS_ROOT}/Headers\"",
					"\"${PODS_ROOT}/Headers/AFNetworking\"",
					"\"${PODS_ROOT}/Headers/CocoaAsyncSocket\"",
					"\"${PODS_ROOT}/Headers/Kiwi\"",
					"\"${PODS_ROOT}/Headers/ReactiveCocoa\"",
					"\"${PODS_ROOT}/Headers/ReactiveCocoa/ReactiveCocoa\"",
					"\"/usr/include/libxml2\"",
				);
				INFOPLIST_FILE = "OutlanderTests/OutlanderTests-Info.plist";
				MACOSX_DEPLOYMENT_TARGET = 10.8;
				OTHER_LDFLAGS = (
					"-ObjC",
					"-framework",
					XCTest,
					"-lxml2",
				);
				PRODUCT_NAME = "$(TARGET_NAME)";
				TEST_HOST = "$(BUNDLE_LOADER)";
				WRAPPER_EXTENSION = xctest;
			};
			name = Release;
		};
/* End XCBuildConfiguration section */

/* Begin XCConfigurationList section */
		F9CF92621890832800449548 /* Build configuration list for PBXProject "Outlander" */ = {
			isa = XCConfigurationList;
			buildConfigurations = (
				F9CF92961890832800449548 /* Debug */,
				F9CF92971890832800449548 /* Release */,
			);
			defaultConfigurationIsVisible = 0;
			defaultConfigurationName = Debug;
		};
		F9CF92981890832800449548 /* Build configuration list for PBXNativeTarget "Outlander" */ = {
			isa = XCConfigurationList;
			buildConfigurations = (
				F9CF92991890832800449548 /* Debug */,
				F9CF929A1890832800449548 /* Release */,
			);
			defaultConfigurationIsVisible = 0;
			defaultConfigurationName = Debug;
		};
		F9CF929B1890832800449548 /* Build configuration list for PBXNativeTarget "OutlanderTests" */ = {
			isa = XCConfigurationList;
			buildConfigurations = (
				F9CF929C1890832800449548 /* Debug */,
				F9CF929D1890832800449548 /* Release */,
			);
			defaultConfigurationIsVisible = 0;
			defaultConfigurationName = Debug;
		};
/* End XCConfigurationList section */
	};
	rootObject = F9CF925F1890832800449548 /* Project object */;
}
